// !$*UTF8*$!
{
	archiveVersion = 1;
	classes = {
	};
	objectVersion = 46;
	objects = {

/* Begin PBXBuildFile section */
		360EA48917B42F7400759EFF /* AudioToolbox.framework in Frameworks */ = {isa = PBXBuildFile; fileRef = 360EA48817B42F7400759EFF /* AudioToolbox.framework */; };
		364D5954178F8729000B5F7A /* PulloutView.m in Sources */ = {isa = PBXBuildFile; fileRef = 364D5953178F8729000B5F7A /* PulloutView.m */; };
		B50652FE176A886300DA299D /* ProtobowlQuestion.m in Sources */ = {isa = PBXBuildFile; fileRef = B50652FD176A886300DA299D /* ProtobowlQuestion.m */; };
		B506B79617AB91F7009CD717 /* down_arrow.png in Resources */ = {isa = PBXBuildFile; fileRef = B506B79517AB91F7009CD717 /* down_arrow.png */; };
		B50BFB91176D542B0052700D /* FontAwesome.ttf in Resources */ = {isa = PBXBuildFile; fileRef = B50BFB90176D542B0052700D /* FontAwesome.ttf */; };
		B50BFB92176D542B0052700D /* FontAwesome.ttf in Resources */ = {isa = PBXBuildFile; fileRef = B50BFB90176D542B0052700D /* FontAwesome.ttf */; };
		B50BFB99176D548C0052700D /* FAImageView.m in Sources */ = {isa = PBXBuildFile; fileRef = B50BFB94176D548C0052700D /* FAImageView.m */; };
		B50BFB9A176D548C0052700D /* FAImageView.m in Sources */ = {isa = PBXBuildFile; fileRef = B50BFB94176D548C0052700D /* FAImageView.m */; };
		B50BFB9B176D548C0052700D /* NSString+FontAwesome.m in Sources */ = {isa = PBXBuildFile; fileRef = B50BFB96176D548C0052700D /* NSString+FontAwesome.m */; };
		B50BFB9C176D548C0052700D /* NSString+FontAwesome.m in Sources */ = {isa = PBXBuildFile; fileRef = B50BFB96176D548C0052700D /* NSString+FontAwesome.m */; };
		B50BFB9D176D548C0052700D /* UIFont+FontAwesome.m in Sources */ = {isa = PBXBuildFile; fileRef = B50BFB98176D548C0052700D /* UIFont+FontAwesome.m */; };
		B50BFB9E176D548C0052700D /* UIFont+FontAwesome.m in Sources */ = {isa = PBXBuildFile; fileRef = B50BFB98176D548C0052700D /* UIFont+FontAwesome.m */; };
		B510D037177B98EB008364F0 /* libicucore.dylib in Frameworks */ = {isa = PBXBuildFile; fileRef = B5FD24EE1767CFA000B9870D /* libicucore.dylib */; };
		B510D038177B98F0008364F0 /* CFNetwork.framework in Frameworks */ = {isa = PBXBuildFile; fileRef = B5FD24EA1767CF9300B9870D /* CFNetwork.framework */; };
		B510D039177B98FD008364F0 /* Security.framework in Frameworks */ = {isa = PBXBuildFile; fileRef = B5FD24EC1767CF9700B9870D /* Security.framework */; };
		B511B3B417C723EA008A7160 /* share_button.png in Resources */ = {isa = PBXBuildFile; fileRef = B511B3B217C723EA008A7160 /* share_button.png */; };
		B511B3B517C723EA008A7160 /* share_button@2x.png in Resources */ = {isa = PBXBuildFile; fileRef = B511B3B317C723EA008A7160 /* share_button@2x.png */; };
		B540CD6717C8609D004B6621 /* chat_enabled.png in Resources */ = {isa = PBXBuildFile; fileRef = B540CD6317C8609D004B6621 /* chat_enabled.png */; };
		B540CD6817C8609D004B6621 /* chat_enabled@2x.png in Resources */ = {isa = PBXBuildFile; fileRef = B540CD6417C8609D004B6621 /* chat_enabled@2x.png */; };
		B540CD6917C8609D004B6621 /* chat_pressed.png in Resources */ = {isa = PBXBuildFile; fileRef = B540CD6517C8609D004B6621 /* chat_pressed.png */; };
		B540CD6A17C8609D004B6621 /* chat_pressed@2x.png in Resources */ = {isa = PBXBuildFile; fileRef = B540CD6617C8609D004B6621 /* chat_pressed@2x.png */; };
		B54BD44A17AA2C980077F1DA /* RadioGroupViewController.m in Sources */ = {isa = PBXBuildFile; fileRef = B54BD44917AA2C980077F1DA /* RadioGroupViewController.m */; };
		B562AE2D177415770063D104 /* QuartzCore.framework in Frameworks */ = {isa = PBXBuildFile; fileRef = B5929579176B98F5008E0EB3 /* QuartzCore.framework */; };
		B569AF9C176A740B00487C4F /* ProtobowlConnectionManager.m in Sources */ = {isa = PBXBuildFile; fileRef = B569AF9B176A740B00487C4F /* ProtobowlConnectionManager.m */; };
		B577625317A8B97D00F5CED5 /* SettingsViewController.m in Sources */ = {isa = PBXBuildFile; fileRef = B577625217A8B97D00F5CED5 /* SettingsViewController.m */; };
		B577625617A8C80C00F5CED5 /* SwitchCell.m in Sources */ = {isa = PBXBuildFile; fileRef = B577625517A8C80C00F5CED5 /* SwitchCell.m */; };
		B577625817A8CA8D00F5CED5 /* Settings.plist in Resources */ = {isa = PBXBuildFile; fileRef = B577625717A8CA8D00F5CED5 /* Settings.plist */; };
		B5811AD3176EBC9E00D1369E /* buzz_disabled.png in Resources */ = {isa = PBXBuildFile; fileRef = B5811ACD176EBC9E00D1369E /* buzz_disabled.png */; };
		B5811AD4176EBC9E00D1369E /* buzz_disabled@2x.png in Resources */ = {isa = PBXBuildFile; fileRef = B5811ACE176EBC9E00D1369E /* buzz_disabled@2x.png */; };
		B5811AD5176EBC9E00D1369E /* buzz_enabled.png in Resources */ = {isa = PBXBuildFile; fileRef = B5811ACF176EBC9E00D1369E /* buzz_enabled.png */; };
		B5811AD6176EBC9E00D1369E /* buzz_enabled@2x.png in Resources */ = {isa = PBXBuildFile; fileRef = B5811AD0176EBC9E00D1369E /* buzz_enabled@2x.png */; };
		B5811AD7176EBC9E00D1369E /* buzz_pressed.png in Resources */ = {isa = PBXBuildFile; fileRef = B5811AD1176EBC9E00D1369E /* buzz_pressed.png */; };
		B5811AD8176EBC9E00D1369E /* buzz_pressed@2x.png in Resources */ = {isa = PBXBuildFile; fileRef = B5811AD2176EBC9E00D1369E /* buzz_pressed@2x.png */; };
		B5814E2D17A5A13E009639B6 /* ding.wav in Resources */ = {isa = PBXBuildFile; fileRef = B5814E2C17A5A13E009639B6 /* ding.wav */; };
		B583DA2217A6415F00D0FEDA /* SideMenuViewController.m in Sources */ = {isa = PBXBuildFile; fileRef = B583DA2117A6415F00D0FEDA /* SideMenuViewController.m */; };
		B592957D176BC5E8008E0EB3 /* GuessViewController.m in Sources */ = {isa = PBXBuildFile; fileRef = B592957C176BC5E8008E0EB3 /* GuessViewController.m */; };
		B5929581176BDD7E008E0EB3 /* CFNetwork.framework in Frameworks */ = {isa = PBXBuildFile; fileRef = B5FD24EA1767CF9300B9870D /* CFNetwork.framework */; };
		B59E91A017AA1ED8003CE35C /* UIViewController+FormSheet.m in Sources */ = {isa = PBXBuildFile; fileRef = B59E919F17AA1ED8003CE35C /* UIViewController+FormSheet.m */; };
		B5A093EE17A8DAAB0040DBDC /* RadioCell.m in Sources */ = {isa = PBXBuildFile; fileRef = B5A093ED17A8DAAB0040DBDC /* RadioCell.m */; };
		B5A093F117A8DB7B0040DBDC /* ActionCell.m in Sources */ = {isa = PBXBuildFile; fileRef = B5A093F017A8DB7B0040DBDC /* ActionCell.m */; };
		B5A093F417A8E4E50040DBDC /* NSDictionary+MutableDeepCopy.m in Sources */ = {isa = PBXBuildFile; fileRef = B5A093F317A8E4E50040DBDC /* NSDictionary+MutableDeepCopy.m */; };
		B5A093F717A8E5110040DBDC /* NSArray+MutableDeepCopy.m in Sources */ = {isa = PBXBuildFile; fileRef = B5A093F617A8E5110040DBDC /* NSArray+MutableDeepCopy.m */; };
		B5AD88F317A2270300AAC11C /* LeaderboardDetailCell.m in Sources */ = {isa = PBXBuildFile; fileRef = B5AD88F217A2270300AAC11C /* LeaderboardDetailCell.m */; };
		B5AFB3E8178D351100AD8447 /* UIView+Donald.m in Sources */ = {isa = PBXBuildFile; fileRef = B5AFB3E7178D351100AD8447 /* UIView+Donald.m */; };
		B5C004C1179F088F00284199 /* UIColor+MoreConstructors.m in Sources */ = {isa = PBXBuildFile; fileRef = B5C004C0179F088F00284199 /* UIColor+MoreConstructors.m */; };
		B5C004C5179F0E4700284199 /* CapsuleLabel.m in Sources */ = {isa = PBXBuildFile; fileRef = B5C004C4179F0E4700284199 /* CapsuleLabel.m */; };
		B5C046DB176F9E2F00A8EC89 /* iOS7ProgressView.m in Sources */ = {isa = PBXBuildFile; fileRef = B5C046DA176F9E2F00A8EC89 /* iOS7ProgressView.m */; };
		B5D1459517ADDE92004706D2 /* buzz_interrupt_tag.png in Resources */ = {isa = PBXBuildFile; fileRef = B5D1458B17ADDE92004706D2 /* buzz_interrupt_tag.png */; };
		B5D1459617ADDE92004706D2 /* buzz_interrupt_tag@2x.png in Resources */ = {isa = PBXBuildFile; fileRef = B5D1458C17ADDE92004706D2 /* buzz_interrupt_tag@2x.png */; };
		B5D1459717ADDE92004706D2 /* buzz_tag.png in Resources */ = {isa = PBXBuildFile; fileRef = B5D1458D17ADDE92004706D2 /* buzz_tag.png */; };
		B5D1459817ADDE92004706D2 /* buzz_tag@2x.png in Resources */ = {isa = PBXBuildFile; fileRef = B5D1458E17ADDE92004706D2 /* buzz_tag@2x.png */; };
		B5D1459917ADDE92004706D2 /* correct_tag.png in Resources */ = {isa = PBXBuildFile; fileRef = B5D1458F17ADDE92004706D2 /* correct_tag.png */; };
		B5D1459A17ADDE92004706D2 /* correct_tag@2x.png in Resources */ = {isa = PBXBuildFile; fileRef = B5D1459017ADDE92004706D2 /* correct_tag@2x.png */; };
		B5D1459B17ADDE92004706D2 /* prompt_tag.png in Resources */ = {isa = PBXBuildFile; fileRef = B5D1459117ADDE92004706D2 /* prompt_tag.png */; };
		B5D1459C17ADDE92004706D2 /* prompt_tag@2x.png in Resources */ = {isa = PBXBuildFile; fileRef = B5D1459217ADDE92004706D2 /* prompt_tag@2x.png */; };
		B5D1459D17ADDE92004706D2 /* wrong_tag.png in Resources */ = {isa = PBXBuildFile; fileRef = B5D1459317ADDE92004706D2 /* wrong_tag.png */; };
		B5D1459E17ADDE92004706D2 /* wrong_tag@2x.png in Resources */ = {isa = PBXBuildFile; fileRef = B5D1459417ADDE92004706D2 /* wrong_tag@2x.png */; };
		B5D145A317ADDF79004706D2 /* BuzzLogCell.m in Sources */ = {isa = PBXBuildFile; fileRef = B5D145A217ADDF79004706D2 /* BuzzLogCell.m */; };
		B5D145A617ADE8C9004706D2 /* LinedTableViewController.m in Sources */ = {isa = PBXBuildFile; fileRef = B5D145A517ADE8C9004706D2 /* LinedTableViewController.m */; };
		B5D145A917AE2120004706D2 /* DPLabel.m in Sources */ = {isa = PBXBuildFile; fileRef = B5D145A817AE2120004706D2 /* DPLabel.m */; };
		B5D6A6DE179CB10B009EB18B /* LeaderboardCell.m in Sources */ = {isa = PBXBuildFile; fileRef = B5D6A6DD179CB10B009EB18B /* LeaderboardCell.m */; };
		B5D6A6E1179CB331009EB18B /* ProtobowlUser.m in Sources */ = {isa = PBXBuildFile; fileRef = B5D6A6E0179CB331009EB18B /* ProtobowlUser.m */; };
		B5D6A6E4179CBDB8009EB18B /* ProtobowlScoring.m in Sources */ = {isa = PBXBuildFile; fileRef = B5D6A6E3179CBDB8009EB18B /* ProtobowlScoring.m */; };
		B5D8232E17C8668E003BEE41 /* ChatViewController.m in Sources */ = {isa = PBXBuildFile; fileRef = B5D8232D17C8668E003BEE41 /* ChatViewController.m */; };
		B5E019E417A76CE900B76F46 /* SideMenuExpandedCell.m in Sources */ = {isa = PBXBuildFile; fileRef = B5E019E317A76CE900B76F46 /* SideMenuExpandedCell.m */; };
		B5E9CF1317A4D4C000B67AEE /* NSDate+FuzzyTime.m in Sources */ = {isa = PBXBuildFile; fileRef = B5E9CF1217A4D4C000B67AEE /* NSDate+FuzzyTime.m */; };
		B5E9CF1617A4D64600B67AEE /* NSDate-Utilities.m in Sources */ = {isa = PBXBuildFile; fileRef = B5E9CF1517A4D64600B67AEE /* NSDate-Utilities.m */; };
		B5F6C036179B46EA0040CB37 /* LeaderboardViewController.m in Sources */ = {isa = PBXBuildFile; fileRef = B5F6C035179B46EA0040CB37 /* LeaderboardViewController.m */; };
		B5FAA6DC17C480EF0024B47C /* AppIcon29x29.png in Resources */ = {isa = PBXBuildFile; fileRef = B5FAA6D217C480EF0024B47C /* AppIcon29x29.png */; };
		B5FAA6DD17C480EF0024B47C /* AppIcon29x29@2x.png in Resources */ = {isa = PBXBuildFile; fileRef = B5FAA6D317C480EF0024B47C /* AppIcon29x29@2x.png */; };
		B5FAA6DE17C480EF0024B47C /* AppIcon40x40.png in Resources */ = {isa = PBXBuildFile; fileRef = B5FAA6D417C480EF0024B47C /* AppIcon40x40.png */; };
		B5FAA6DF17C480EF0024B47C /* AppIcon40x40@2x.png in Resources */ = {isa = PBXBuildFile; fileRef = B5FAA6D517C480EF0024B47C /* AppIcon40x40@2x.png */; };
		B5FAA6E017C480EF0024B47C /* AppIcon60x60.png in Resources */ = {isa = PBXBuildFile; fileRef = B5FAA6D617C480EF0024B47C /* AppIcon60x60.png */; };
		B5FAA6E117C480EF0024B47C /* AppIcon60x60@2x.png in Resources */ = {isa = PBXBuildFile; fileRef = B5FAA6D717C480EF0024B47C /* AppIcon60x60@2x.png */; };
		B5FAA6E217C480EF0024B47C /* AppIcon76x76.png in Resources */ = {isa = PBXBuildFile; fileRef = B5FAA6D817C480EF0024B47C /* AppIcon76x76.png */; };
		B5FAA6E317C480EF0024B47C /* AppIcon76x76@2x.png in Resources */ = {isa = PBXBuildFile; fileRef = B5FAA6D917C480EF0024B47C /* AppIcon76x76@2x.png */; };
		B5FAA6E417C480EF0024B47C /* iTunesArtwork.png in Resources */ = {isa = PBXBuildFile; fileRef = B5FAA6DA17C480EF0024B47C /* iTunesArtwork.png */; };
		B5FAA6E517C480EF0024B47C /* iTunesArtwork@2x.png in Resources */ = {isa = PBXBuildFile; fileRef = B5FAA6DB17C480EF0024B47C /* iTunesArtwork@2x.png */; };
		B5FAA6E817C482830024B47C /* AppIcon72x72.png in Resources */ = {isa = PBXBuildFile; fileRef = B5FAA6E617C482830024B47C /* AppIcon72x72.png */; };
		B5FAA6E917C482830024B47C /* AppIcon72x72@2x.png in Resources */ = {isa = PBXBuildFile; fileRef = B5FAA6E717C482830024B47C /* AppIcon72x72@2x.png */; };
		B5FAA6EC17C482D10024B47C /* AppIcon57x57.png in Resources */ = {isa = PBXBuildFile; fileRef = B5FAA6EA17C482D10024B47C /* AppIcon57x57.png */; };
		B5FAA6F117C4836D0024B47C /* AppIcon57x57@2x.png in Resources */ = {isa = PBXBuildFile; fileRef = B5FAA6F017C4836D0024B47C /* AppIcon57x57@2x.png */; };
		B5FAA6F517C483CE0024B47C /* AppIcon50x50.png in Resources */ = {isa = PBXBuildFile; fileRef = B5FAA6F217C483CE0024B47C /* AppIcon50x50.png */; };
		B5FAA6F617C483CE0024B47C /* AppIcon80x80.png in Resources */ = {isa = PBXBuildFile; fileRef = B5FAA6F317C483CE0024B47C /* AppIcon80x80.png */; };
		B5FAA6F717C483CE0024B47C /* AppIcon100x100.png in Resources */ = {isa = PBXBuildFile; fileRef = B5FAA6F417C483CE0024B47C /* AppIcon100x100.png */; };
		B5FD246A1767CE9900B9870D /* UIKit.framework in Frameworks */ = {isa = PBXBuildFile; fileRef = B5FD24691767CE9900B9870D /* UIKit.framework */; };
		B5FD246C1767CE9900B9870D /* Foundation.framework in Frameworks */ = {isa = PBXBuildFile; fileRef = B5FD246B1767CE9900B9870D /* Foundation.framework */; };
		B5FD246E1767CE9900B9870D /* CoreGraphics.framework in Frameworks */ = {isa = PBXBuildFile; fileRef = B5FD246D1767CE9900B9870D /* CoreGraphics.framework */; };
		B5FD24741767CE9900B9870D /* InfoPlist.strings in Resources */ = {isa = PBXBuildFile; fileRef = B5FD24721767CE9900B9870D /* InfoPlist.strings */; };
		B5FD24761767CE9900B9870D /* main.m in Sources */ = {isa = PBXBuildFile; fileRef = B5FD24751767CE9900B9870D /* main.m */; };
		B5FD247A1767CE9900B9870D /* AppDelegate.m in Sources */ = {isa = PBXBuildFile; fileRef = B5FD24791767CE9900B9870D /* AppDelegate.m */; };
		B5FD247C1767CE9900B9870D /* Default.png in Resources */ = {isa = PBXBuildFile; fileRef = B5FD247B1767CE9900B9870D /* Default.png */; };
		B5FD247E1767CE9900B9870D /* Default@2x.png in Resources */ = {isa = PBXBuildFile; fileRef = B5FD247D1767CE9900B9870D /* Default@2x.png */; };
		B5FD24801767CE9900B9870D /* Default-568h@2x.png in Resources */ = {isa = PBXBuildFile; fileRef = B5FD247F1767CE9900B9870D /* Default-568h@2x.png */; };
		B5FD24831767CE9900B9870D /* MainStoryboard_iPhone.storyboard in Resources */ = {isa = PBXBuildFile; fileRef = B5FD24811767CE9900B9870D /* MainStoryboard_iPhone.storyboard */; };
		B5FD24861767CE9900B9870D /* MainStoryboard_iPad.storyboard in Resources */ = {isa = PBXBuildFile; fileRef = B5FD24841767CE9900B9870D /* MainStoryboard_iPad.storyboard */; };
		B5FD24911767CE9900B9870D /* SenTestingKit.framework in Frameworks */ = {isa = PBXBuildFile; fileRef = B5FD24901767CE9900B9870D /* SenTestingKit.framework */; };
		B5FD24921767CE9900B9870D /* UIKit.framework in Frameworks */ = {isa = PBXBuildFile; fileRef = B5FD24691767CE9900B9870D /* UIKit.framework */; };
		B5FD24931767CE9900B9870D /* Foundation.framework in Frameworks */ = {isa = PBXBuildFile; fileRef = B5FD246B1767CE9900B9870D /* Foundation.framework */; };
		B5FD249B1767CE9900B9870D /* InfoPlist.strings in Resources */ = {isa = PBXBuildFile; fileRef = B5FD24991767CE9900B9870D /* InfoPlist.strings */; };
		B5FD249E1767CE9900B9870D /* ProtobowlTests.m in Sources */ = {isa = PBXBuildFile; fileRef = B5FD249D1767CE9900B9870D /* ProtobowlTests.m */; };
		B5FD24C81767CF2800B9870D /* SocketIO.m in Sources */ = {isa = PBXBuildFile; fileRef = B5FD24BE1767CF2800B9870D /* SocketIO.m */; };
		B5FD24C91767CF2800B9870D /* SocketIO.m in Sources */ = {isa = PBXBuildFile; fileRef = B5FD24BE1767CF2800B9870D /* SocketIO.m */; };
		B5FD24CA1767CF2800B9870D /* SocketIOJSONSerialization.m in Sources */ = {isa = PBXBuildFile; fileRef = B5FD24C01767CF2800B9870D /* SocketIOJSONSerialization.m */; };
		B5FD24CB1767CF2800B9870D /* SocketIOJSONSerialization.m in Sources */ = {isa = PBXBuildFile; fileRef = B5FD24C01767CF2800B9870D /* SocketIOJSONSerialization.m */; };
		B5FD24CC1767CF2800B9870D /* SocketIOPacket.m in Sources */ = {isa = PBXBuildFile; fileRef = B5FD24C21767CF2800B9870D /* SocketIOPacket.m */; };
		B5FD24CD1767CF2800B9870D /* SocketIOPacket.m in Sources */ = {isa = PBXBuildFile; fileRef = B5FD24C21767CF2800B9870D /* SocketIOPacket.m */; };
		B5FD24CE1767CF2800B9870D /* SocketIOTransportWebsocket.m in Sources */ = {isa = PBXBuildFile; fileRef = B5FD24C51767CF2800B9870D /* SocketIOTransportWebsocket.m */; };
		B5FD24CF1767CF2800B9870D /* SocketIOTransportWebsocket.m in Sources */ = {isa = PBXBuildFile; fileRef = B5FD24C51767CF2800B9870D /* SocketIOTransportWebsocket.m */; };
		B5FD24D01767CF2800B9870D /* SocketIOTransportXHR.m in Sources */ = {isa = PBXBuildFile; fileRef = B5FD24C71767CF2800B9870D /* SocketIOTransportXHR.m */; };
		B5FD24D11767CF2800B9870D /* SocketIOTransportXHR.m in Sources */ = {isa = PBXBuildFile; fileRef = B5FD24C71767CF2800B9870D /* SocketIOTransportXHR.m */; };
		B5FD24DA1767CF3D00B9870D /* base64.c in Sources */ = {isa = PBXBuildFile; fileRef = B5FD24D31767CF3D00B9870D /* base64.c */; };
		B5FD24DB1767CF3D00B9870D /* base64.c in Sources */ = {isa = PBXBuildFile; fileRef = B5FD24D31767CF3D00B9870D /* base64.c */; };
		B5FD24DC1767CF3D00B9870D /* NSData+SRB64Additions.m in Sources */ = {isa = PBXBuildFile; fileRef = B5FD24D61767CF3D00B9870D /* NSData+SRB64Additions.m */; };
		B5FD24DD1767CF3D00B9870D /* NSData+SRB64Additions.m in Sources */ = {isa = PBXBuildFile; fileRef = B5FD24D61767CF3D00B9870D /* NSData+SRB64Additions.m */; };
		B5FD24DE1767CF3D00B9870D /* SRWebSocket.m in Sources */ = {isa = PBXBuildFile; fileRef = B5FD24D91767CF3D00B9870D /* SRWebSocket.m */; };
		B5FD24DF1767CF3D00B9870D /* SRWebSocket.m in Sources */ = {isa = PBXBuildFile; fileRef = B5FD24D91767CF3D00B9870D /* SRWebSocket.m */; };
		B5FD24E61767CF7200B9870D /* MainViewController.m in Sources */ = {isa = PBXBuildFile; fileRef = B5FD24E31767CF7200B9870D /* MainViewController.m */; };
		B5FD24E71767CF7200B9870D /* MainViewController.m in Sources */ = {isa = PBXBuildFile; fileRef = B5FD24E31767CF7200B9870D /* MainViewController.m */; };
		B5FD24ED1767CF9700B9870D /* Security.framework in Frameworks */ = {isa = PBXBuildFile; fileRef = B5FD24EC1767CF9700B9870D /* Security.framework */; };
		B5FD24EF1767CFA000B9870D /* libicucore.dylib in Frameworks */ = {isa = PBXBuildFile; fileRef = B5FD24EE1767CFA000B9870D /* libicucore.dylib */; };
/* End PBXBuildFile section */

/* Begin PBXContainerItemProxy section */
		B5FD24941767CE9900B9870D /* PBXContainerItemProxy */ = {
			isa = PBXContainerItemProxy;
			containerPortal = B5FD245E1767CE9900B9870D /* Project object */;
			proxyType = 1;
			remoteGlobalIDString = B5FD24651767CE9900B9870D;
			remoteInfo = Protobowl;
		};
/* End PBXContainerItemProxy section */

/* Begin PBXFileReference section */
		360EA48817B42F7400759EFF /* AudioToolbox.framework */ = {isa = PBXFileReference; lastKnownFileType = wrapper.framework; name = AudioToolbox.framework; path = System/Library/Frameworks/AudioToolbox.framework; sourceTree = SDKROOT; };
		364D5952178F8729000B5F7A /* PulloutView.h */ = {isa = PBXFileReference; fileEncoding = 4; lastKnownFileType = sourcecode.c.h; path = PulloutView.h; sourceTree = "<group>"; };
		364D5953178F8729000B5F7A /* PulloutView.m */ = {isa = PBXFileReference; fileEncoding = 4; lastKnownFileType = sourcecode.c.objc; path = PulloutView.m; sourceTree = "<group>"; };
		B50652FC176A886300DA299D /* ProtobowlQuestion.h */ = {isa = PBXFileReference; fileEncoding = 4; lastKnownFileType = sourcecode.c.h; path = ProtobowlQuestion.h; sourceTree = "<group>"; };
		B50652FD176A886300DA299D /* ProtobowlQuestion.m */ = {isa = PBXFileReference; fileEncoding = 4; lastKnownFileType = sourcecode.c.objc; path = ProtobowlQuestion.m; sourceTree = "<group>"; };
		B506B79517AB91F7009CD717 /* down_arrow.png */ = {isa = PBXFileReference; lastKnownFileType = image.png; path = down_arrow.png; sourceTree = "<group>"; };
		B50BFB90176D542B0052700D /* FontAwesome.ttf */ = {isa = PBXFileReference; lastKnownFileType = file; path = FontAwesome.ttf; sourceTree = "<group>"; };
		B50BFB93176D548C0052700D /* FAImageView.h */ = {isa = PBXFileReference; fileEncoding = 4; lastKnownFileType = sourcecode.c.h; path = FAImageView.h; sourceTree = "<group>"; };
		B50BFB94176D548C0052700D /* FAImageView.m */ = {isa = PBXFileReference; fileEncoding = 4; lastKnownFileType = sourcecode.c.objc; path = FAImageView.m; sourceTree = "<group>"; };
		B50BFB95176D548C0052700D /* NSString+FontAwesome.h */ = {isa = PBXFileReference; fileEncoding = 4; lastKnownFileType = sourcecode.c.h; path = "NSString+FontAwesome.h"; sourceTree = "<group>"; };
		B50BFB96176D548C0052700D /* NSString+FontAwesome.m */ = {isa = PBXFileReference; fileEncoding = 4; lastKnownFileType = sourcecode.c.objc; path = "NSString+FontAwesome.m"; sourceTree = "<group>"; };
		B50BFB97176D548C0052700D /* UIFont+FontAwesome.h */ = {isa = PBXFileReference; fileEncoding = 4; lastKnownFileType = sourcecode.c.h; path = "UIFont+FontAwesome.h"; sourceTree = "<group>"; };
		B50BFB98176D548C0052700D /* UIFont+FontAwesome.m */ = {isa = PBXFileReference; fileEncoding = 4; lastKnownFileType = sourcecode.c.objc; path = "UIFont+FontAwesome.m"; sourceTree = "<group>"; };
		B511B3B217C723EA008A7160 /* share_button.png */ = {isa = PBXFileReference; lastKnownFileType = image.png; path = share_button.png; sourceTree = "<group>"; };
		B511B3B317C723EA008A7160 /* share_button@2x.png */ = {isa = PBXFileReference; lastKnownFileType = image.png; path = "share_button@2x.png"; sourceTree = "<group>"; };
		B540CD6317C8609D004B6621 /* chat_enabled.png */ = {isa = PBXFileReference; lastKnownFileType = image.png; path = chat_enabled.png; sourceTree = "<group>"; };
		B540CD6417C8609D004B6621 /* chat_enabled@2x.png */ = {isa = PBXFileReference; lastKnownFileType = image.png; path = "chat_enabled@2x.png"; sourceTree = "<group>"; };
		B540CD6517C8609D004B6621 /* chat_pressed.png */ = {isa = PBXFileReference; lastKnownFileType = image.png; path = chat_pressed.png; sourceTree = "<group>"; };
		B540CD6617C8609D004B6621 /* chat_pressed@2x.png */ = {isa = PBXFileReference; lastKnownFileType = image.png; path = "chat_pressed@2x.png"; sourceTree = "<group>"; };
		B54BD44817AA2C980077F1DA /* RadioGroupViewController.h */ = {isa = PBXFileReference; fileEncoding = 4; lastKnownFileType = sourcecode.c.h; path = RadioGroupViewController.h; sourceTree = "<group>"; };
		B54BD44917AA2C980077F1DA /* RadioGroupViewController.m */ = {isa = PBXFileReference; fileEncoding = 4; lastKnownFileType = sourcecode.c.objc; path = RadioGroupViewController.m; sourceTree = "<group>"; };
		B569AF9A176A740B00487C4F /* ProtobowlConnectionManager.h */ = {isa = PBXFileReference; fileEncoding = 4; lastKnownFileType = sourcecode.c.h; lineEnding = 0; path = ProtobowlConnectionManager.h; sourceTree = "<group>"; xcLanguageSpecificationIdentifier = xcode.lang.objcpp; };
		B569AF9B176A740B00487C4F /* ProtobowlConnectionManager.m */ = {isa = PBXFileReference; fileEncoding = 4; lastKnownFileType = sourcecode.c.objc; path = ProtobowlConnectionManager.m; sourceTree = "<group>"; };
		B577625117A8B97D00F5CED5 /* SettingsViewController.h */ = {isa = PBXFileReference; fileEncoding = 4; lastKnownFileType = sourcecode.c.h; path = SettingsViewController.h; sourceTree = "<group>"; };
		B577625217A8B97D00F5CED5 /* SettingsViewController.m */ = {isa = PBXFileReference; fileEncoding = 4; lastKnownFileType = sourcecode.c.objc; path = SettingsViewController.m; sourceTree = "<group>"; };
		B577625417A8C80C00F5CED5 /* SwitchCell.h */ = {isa = PBXFileReference; fileEncoding = 4; lastKnownFileType = sourcecode.c.h; path = SwitchCell.h; sourceTree = "<group>"; };
		B577625517A8C80C00F5CED5 /* SwitchCell.m */ = {isa = PBXFileReference; fileEncoding = 4; lastKnownFileType = sourcecode.c.objc; path = SwitchCell.m; sourceTree = "<group>"; };
		B577625717A8CA8D00F5CED5 /* Settings.plist */ = {isa = PBXFileReference; fileEncoding = 4; lastKnownFileType = text.plist.xml; path = Settings.plist; sourceTree = "<group>"; };
		B5811ACD176EBC9E00D1369E /* buzz_disabled.png */ = {isa = PBXFileReference; lastKnownFileType = image.png; path = buzz_disabled.png; sourceTree = "<group>"; };
		B5811ACE176EBC9E00D1369E /* buzz_disabled@2x.png */ = {isa = PBXFileReference; lastKnownFileType = image.png; path = "buzz_disabled@2x.png"; sourceTree = "<group>"; };
		B5811ACF176EBC9E00D1369E /* buzz_enabled.png */ = {isa = PBXFileReference; lastKnownFileType = image.png; path = buzz_enabled.png; sourceTree = "<group>"; };
		B5811AD0176EBC9E00D1369E /* buzz_enabled@2x.png */ = {isa = PBXFileReference; lastKnownFileType = image.png; path = "buzz_enabled@2x.png"; sourceTree = "<group>"; };
		B5811AD1176EBC9E00D1369E /* buzz_pressed.png */ = {isa = PBXFileReference; lastKnownFileType = image.png; path = buzz_pressed.png; sourceTree = "<group>"; };
		B5811AD2176EBC9E00D1369E /* buzz_pressed@2x.png */ = {isa = PBXFileReference; lastKnownFileType = image.png; path = "buzz_pressed@2x.png"; sourceTree = "<group>"; };
		B5814E2C17A5A13E009639B6 /* ding.wav */ = {isa = PBXFileReference; lastKnownFileType = audio.wav; path = ding.wav; sourceTree = "<group>"; };
		B5814E2E17A5A223009639B6 /* AudioToolbox.framework */ = {isa = PBXFileReference; lastKnownFileType = wrapper.framework; name = AudioToolbox.framework; path = Platforms/iPhoneOS.platform/Developer/SDKs/iPhoneOS6.1.sdk/System/Library/Frameworks/AudioToolbox.framework; sourceTree = DEVELOPER_DIR; };
		B583DA2017A6415F00D0FEDA /* SideMenuViewController.h */ = {isa = PBXFileReference; fileEncoding = 4; lastKnownFileType = sourcecode.c.h; path = SideMenuViewController.h; sourceTree = "<group>"; };
		B583DA2117A6415F00D0FEDA /* SideMenuViewController.m */ = {isa = PBXFileReference; fileEncoding = 4; lastKnownFileType = sourcecode.c.objc; path = SideMenuViewController.m; sourceTree = "<group>"; };
		B5929579176B98F5008E0EB3 /* QuartzCore.framework */ = {isa = PBXFileReference; lastKnownFileType = wrapper.framework; name = QuartzCore.framework; path = System/Library/Frameworks/QuartzCore.framework; sourceTree = SDKROOT; };
		B592957B176BC5E8008E0EB3 /* GuessViewController.h */ = {isa = PBXFileReference; fileEncoding = 4; lastKnownFileType = sourcecode.c.h; path = GuessViewController.h; sourceTree = "<group>"; };
		B592957C176BC5E8008E0EB3 /* GuessViewController.m */ = {isa = PBXFileReference; fileEncoding = 4; lastKnownFileType = sourcecode.c.objc; lineEnding = 0; path = GuessViewController.m; sourceTree = "<group>"; xcLanguageSpecificationIdentifier = xcode.lang.objc; };
		B592957E176BDCC7008E0EB3 /* Reveal.framework */ = {isa = PBXFileReference; lastKnownFileType = wrapper.framework; name = Reveal.framework; path = "../../../../../../Applications/Reveal.app/Contents/SharedSupport/iOS-Libraries/Reveal.framework"; sourceTree = "<group>"; };
		B59E919E17AA1ED8003CE35C /* UIViewController+FormSheet.h */ = {isa = PBXFileReference; fileEncoding = 4; lastKnownFileType = sourcecode.c.h; path = "UIViewController+FormSheet.h"; sourceTree = "<group>"; };
		B59E919F17AA1ED8003CE35C /* UIViewController+FormSheet.m */ = {isa = PBXFileReference; fileEncoding = 4; lastKnownFileType = sourcecode.c.objc; path = "UIViewController+FormSheet.m"; sourceTree = "<group>"; };
		B5A093EC17A8DAAB0040DBDC /* RadioCell.h */ = {isa = PBXFileReference; fileEncoding = 4; lastKnownFileType = sourcecode.c.h; path = RadioCell.h; sourceTree = "<group>"; };
		B5A093ED17A8DAAB0040DBDC /* RadioCell.m */ = {isa = PBXFileReference; fileEncoding = 4; lastKnownFileType = sourcecode.c.objc; path = RadioCell.m; sourceTree = "<group>"; };
		B5A093EF17A8DB7B0040DBDC /* ActionCell.h */ = {isa = PBXFileReference; fileEncoding = 4; lastKnownFileType = sourcecode.c.h; path = ActionCell.h; sourceTree = "<group>"; };
		B5A093F017A8DB7B0040DBDC /* ActionCell.m */ = {isa = PBXFileReference; fileEncoding = 4; lastKnownFileType = sourcecode.c.objc; path = ActionCell.m; sourceTree = "<group>"; };
		B5A093F217A8E4E50040DBDC /* NSDictionary+MutableDeepCopy.h */ = {isa = PBXFileReference; fileEncoding = 4; lastKnownFileType = sourcecode.c.h; path = "NSDictionary+MutableDeepCopy.h"; sourceTree = "<group>"; };
		B5A093F317A8E4E50040DBDC /* NSDictionary+MutableDeepCopy.m */ = {isa = PBXFileReference; fileEncoding = 4; lastKnownFileType = sourcecode.c.objc; path = "NSDictionary+MutableDeepCopy.m"; sourceTree = "<group>"; };
		B5A093F517A8E5110040DBDC /* NSArray+MutableDeepCopy.h */ = {isa = PBXFileReference; fileEncoding = 4; lastKnownFileType = sourcecode.c.h; path = "NSArray+MutableDeepCopy.h"; sourceTree = "<group>"; };
		B5A093F617A8E5110040DBDC /* NSArray+MutableDeepCopy.m */ = {isa = PBXFileReference; fileEncoding = 4; lastKnownFileType = sourcecode.c.objc; path = "NSArray+MutableDeepCopy.m"; sourceTree = "<group>"; };
		B5AD88F117A2270300AAC11C /* LeaderboardDetailCell.h */ = {isa = PBXFileReference; fileEncoding = 4; lastKnownFileType = sourcecode.c.h; path = LeaderboardDetailCell.h; sourceTree = "<group>"; };
		B5AD88F217A2270300AAC11C /* LeaderboardDetailCell.m */ = {isa = PBXFileReference; fileEncoding = 4; lastKnownFileType = sourcecode.c.objc; path = LeaderboardDetailCell.m; sourceTree = "<group>"; };
		B5AFB3E6178D351100AD8447 /* UIView+Donald.h */ = {isa = PBXFileReference; fileEncoding = 4; lastKnownFileType = sourcecode.c.h; path = "UIView+Donald.h"; sourceTree = "<group>"; };
		B5AFB3E7178D351100AD8447 /* UIView+Donald.m */ = {isa = PBXFileReference; fileEncoding = 4; lastKnownFileType = sourcecode.c.objc; path = "UIView+Donald.m"; sourceTree = "<group>"; };
		B5C004BF179F088F00284199 /* UIColor+MoreConstructors.h */ = {isa = PBXFileReference; fileEncoding = 4; lastKnownFileType = sourcecode.c.h; path = "UIColor+MoreConstructors.h"; sourceTree = "<group>"; };
		B5C004C0179F088F00284199 /* UIColor+MoreConstructors.m */ = {isa = PBXFileReference; fileEncoding = 4; lastKnownFileType = sourcecode.c.objc; path = "UIColor+MoreConstructors.m"; sourceTree = "<group>"; };
		B5C004C3179F0E4700284199 /* CapsuleLabel.h */ = {isa = PBXFileReference; fileEncoding = 4; lastKnownFileType = sourcecode.c.h; path = CapsuleLabel.h; sourceTree = "<group>"; };
		B5C004C4179F0E4700284199 /* CapsuleLabel.m */ = {isa = PBXFileReference; fileEncoding = 4; lastKnownFileType = sourcecode.c.objc; path = CapsuleLabel.m; sourceTree = "<group>"; };
		B5C046D9176F9E2F00A8EC89 /* iOS7ProgressView.h */ = {isa = PBXFileReference; fileEncoding = 4; lastKnownFileType = sourcecode.c.h; path = iOS7ProgressView.h; sourceTree = "<group>"; };
		B5C046DA176F9E2F00A8EC89 /* iOS7ProgressView.m */ = {isa = PBXFileReference; fileEncoding = 4; lastKnownFileType = sourcecode.c.objc; path = iOS7ProgressView.m; sourceTree = "<group>"; };
		B5D1458B17ADDE92004706D2 /* buzz_interrupt_tag.png */ = {isa = PBXFileReference; lastKnownFileType = image.png; path = buzz_interrupt_tag.png; sourceTree = "<group>"; };
		B5D1458C17ADDE92004706D2 /* buzz_interrupt_tag@2x.png */ = {isa = PBXFileReference; lastKnownFileType = image.png; path = "buzz_interrupt_tag@2x.png"; sourceTree = "<group>"; };
		B5D1458D17ADDE92004706D2 /* buzz_tag.png */ = {isa = PBXFileReference; lastKnownFileType = image.png; path = buzz_tag.png; sourceTree = "<group>"; };
		B5D1458E17ADDE92004706D2 /* buzz_tag@2x.png */ = {isa = PBXFileReference; lastKnownFileType = image.png; path = "buzz_tag@2x.png"; sourceTree = "<group>"; };
		B5D1458F17ADDE92004706D2 /* correct_tag.png */ = {isa = PBXFileReference; lastKnownFileType = image.png; path = correct_tag.png; sourceTree = "<group>"; };
		B5D1459017ADDE92004706D2 /* correct_tag@2x.png */ = {isa = PBXFileReference; lastKnownFileType = image.png; path = "correct_tag@2x.png"; sourceTree = "<group>"; };
		B5D1459117ADDE92004706D2 /* prompt_tag.png */ = {isa = PBXFileReference; lastKnownFileType = image.png; path = prompt_tag.png; sourceTree = "<group>"; };
		B5D1459217ADDE92004706D2 /* prompt_tag@2x.png */ = {isa = PBXFileReference; lastKnownFileType = image.png; path = "prompt_tag@2x.png"; sourceTree = "<group>"; };
		B5D1459317ADDE92004706D2 /* wrong_tag.png */ = {isa = PBXFileReference; lastKnownFileType = image.png; path = wrong_tag.png; sourceTree = "<group>"; };
		B5D1459417ADDE92004706D2 /* wrong_tag@2x.png */ = {isa = PBXFileReference; lastKnownFileType = image.png; path = "wrong_tag@2x.png"; sourceTree = "<group>"; };
		B5D145A117ADDF79004706D2 /* BuzzLogCell.h */ = {isa = PBXFileReference; fileEncoding = 4; lastKnownFileType = sourcecode.c.h; path = BuzzLogCell.h; sourceTree = "<group>"; };
		B5D145A217ADDF79004706D2 /* BuzzLogCell.m */ = {isa = PBXFileReference; fileEncoding = 4; lastKnownFileType = sourcecode.c.objc; path = BuzzLogCell.m; sourceTree = "<group>"; };
		B5D145A417ADE8C9004706D2 /* LinedTableViewController.h */ = {isa = PBXFileReference; fileEncoding = 4; lastKnownFileType = sourcecode.c.h; path = LinedTableViewController.h; sourceTree = "<group>"; };
		B5D145A517ADE8C9004706D2 /* LinedTableViewController.m */ = {isa = PBXFileReference; fileEncoding = 4; lastKnownFileType = sourcecode.c.objc; path = LinedTableViewController.m; sourceTree = "<group>"; };
		B5D145A717AE2120004706D2 /* DPLabel.h */ = {isa = PBXFileReference; fileEncoding = 4; lastKnownFileType = sourcecode.c.h; path = DPLabel.h; sourceTree = "<group>"; };
		B5D145A817AE2120004706D2 /* DPLabel.m */ = {isa = PBXFileReference; fileEncoding = 4; lastKnownFileType = sourcecode.c.objc; path = DPLabel.m; sourceTree = "<group>"; };
		B5D6A6DC179CB10B009EB18B /* LeaderboardCell.h */ = {isa = PBXFileReference; fileEncoding = 4; lastKnownFileType = sourcecode.c.h; lineEnding = 0; path = LeaderboardCell.h; sourceTree = "<group>"; xcLanguageSpecificationIdentifier = xcode.lang.objcpp; };
		B5D6A6DD179CB10B009EB18B /* LeaderboardCell.m */ = {isa = PBXFileReference; fileEncoding = 4; lastKnownFileType = sourcecode.c.objc; path = LeaderboardCell.m; sourceTree = "<group>"; };
		B5D6A6DF179CB331009EB18B /* ProtobowlUser.h */ = {isa = PBXFileReference; fileEncoding = 4; lastKnownFileType = sourcecode.c.h; path = ProtobowlUser.h; sourceTree = "<group>"; };
		B5D6A6E0179CB331009EB18B /* ProtobowlUser.m */ = {isa = PBXFileReference; fileEncoding = 4; lastKnownFileType = sourcecode.c.objc; path = ProtobowlUser.m; sourceTree = "<group>"; };
		B5D6A6E2179CBDB8009EB18B /* ProtobowlScoring.h */ = {isa = PBXFileReference; fileEncoding = 4; lastKnownFileType = sourcecode.c.h; path = ProtobowlScoring.h; sourceTree = "<group>"; };
		B5D6A6E3179CBDB8009EB18B /* ProtobowlScoring.m */ = {isa = PBXFileReference; fileEncoding = 4; lastKnownFileType = sourcecode.c.objc; path = ProtobowlScoring.m; sourceTree = "<group>"; };
		B5D8232C17C8668E003BEE41 /* ChatViewController.h */ = {isa = PBXFileReference; fileEncoding = 4; lastKnownFileType = sourcecode.c.h; path = ChatViewController.h; sourceTree = "<group>"; };
		B5D8232D17C8668E003BEE41 /* ChatViewController.m */ = {isa = PBXFileReference; fileEncoding = 4; lastKnownFileType = sourcecode.c.objc; path = ChatViewController.m; sourceTree = "<group>"; };
		B5E019E217A76CE900B76F46 /* SideMenuExpandedCell.h */ = {isa = PBXFileReference; fileEncoding = 4; lastKnownFileType = sourcecode.c.h; path = SideMenuExpandedCell.h; sourceTree = "<group>"; };
		B5E019E317A76CE900B76F46 /* SideMenuExpandedCell.m */ = {isa = PBXFileReference; fileEncoding = 4; lastKnownFileType = sourcecode.c.objc; path = SideMenuExpandedCell.m; sourceTree = "<group>"; };
		B5E9CF1117A4D4C000B67AEE /* NSDate+FuzzyTime.h */ = {isa = PBXFileReference; fileEncoding = 4; lastKnownFileType = sourcecode.c.h; path = "NSDate+FuzzyTime.h"; sourceTree = "<group>"; };
		B5E9CF1217A4D4C000B67AEE /* NSDate+FuzzyTime.m */ = {isa = PBXFileReference; fileEncoding = 4; lastKnownFileType = sourcecode.c.objc; path = "NSDate+FuzzyTime.m"; sourceTree = "<group>"; };
		B5E9CF1417A4D64600B67AEE /* NSDate-Utilities.h */ = {isa = PBXFileReference; fileEncoding = 4; lastKnownFileType = sourcecode.c.h; path = "NSDate-Utilities.h"; sourceTree = "<group>"; };
		B5E9CF1517A4D64600B67AEE /* NSDate-Utilities.m */ = {isa = PBXFileReference; fileEncoding = 4; lastKnownFileType = sourcecode.c.objc; path = "NSDate-Utilities.m"; sourceTree = "<group>"; };
		B5F6C034179B46EA0040CB37 /* LeaderboardViewController.h */ = {isa = PBXFileReference; fileEncoding = 4; lastKnownFileType = sourcecode.c.h; lineEnding = 0; path = LeaderboardViewController.h; sourceTree = "<group>"; xcLanguageSpecificationIdentifier = xcode.lang.objcpp; };
		B5F6C035179B46EA0040CB37 /* LeaderboardViewController.m */ = {isa = PBXFileReference; fileEncoding = 4; lastKnownFileType = sourcecode.c.objc; lineEnding = 0; path = LeaderboardViewController.m; sourceTree = "<group>"; xcLanguageSpecificationIdentifier = xcode.lang.objc; };
		B5FAA6D217C480EF0024B47C /* AppIcon29x29.png */ = {isa = PBXFileReference; lastKnownFileType = image.png; path = AppIcon29x29.png; sourceTree = "<group>"; };
		B5FAA6D317C480EF0024B47C /* AppIcon29x29@2x.png */ = {isa = PBXFileReference; lastKnownFileType = image.png; path = "AppIcon29x29@2x.png"; sourceTree = "<group>"; };
		B5FAA6D417C480EF0024B47C /* AppIcon40x40.png */ = {isa = PBXFileReference; lastKnownFileType = image.png; path = AppIcon40x40.png; sourceTree = "<group>"; };
		B5FAA6D517C480EF0024B47C /* AppIcon40x40@2x.png */ = {isa = PBXFileReference; lastKnownFileType = image.png; path = "AppIcon40x40@2x.png"; sourceTree = "<group>"; };
		B5FAA6D617C480EF0024B47C /* AppIcon60x60.png */ = {isa = PBXFileReference; lastKnownFileType = image.png; path = AppIcon60x60.png; sourceTree = "<group>"; };
		B5FAA6D717C480EF0024B47C /* AppIcon60x60@2x.png */ = {isa = PBXFileReference; lastKnownFileType = image.png; path = "AppIcon60x60@2x.png"; sourceTree = "<group>"; };
		B5FAA6D817C480EF0024B47C /* AppIcon76x76.png */ = {isa = PBXFileReference; lastKnownFileType = image.png; path = AppIcon76x76.png; sourceTree = "<group>"; };
		B5FAA6D917C480EF0024B47C /* AppIcon76x76@2x.png */ = {isa = PBXFileReference; lastKnownFileType = image.png; path = "AppIcon76x76@2x.png"; sourceTree = "<group>"; };
		B5FAA6DA17C480EF0024B47C /* iTunesArtwork.png */ = {isa = PBXFileReference; lastKnownFileType = image.png; path = iTunesArtwork.png; sourceTree = "<group>"; };
		B5FAA6DB17C480EF0024B47C /* iTunesArtwork@2x.png */ = {isa = PBXFileReference; lastKnownFileType = image.png; path = "iTunesArtwork@2x.png"; sourceTree = "<group>"; };
		B5FAA6E617C482830024B47C /* AppIcon72x72.png */ = {isa = PBXFileReference; lastKnownFileType = image.png; path = AppIcon72x72.png; sourceTree = "<group>"; };
		B5FAA6E717C482830024B47C /* AppIcon72x72@2x.png */ = {isa = PBXFileReference; lastKnownFileType = image.png; path = "AppIcon72x72@2x.png"; sourceTree = "<group>"; };
		B5FAA6EA17C482D10024B47C /* AppIcon57x57.png */ = {isa = PBXFileReference; lastKnownFileType = image.png; path = AppIcon57x57.png; sourceTree = "<group>"; };
		B5FAA6F017C4836D0024B47C /* AppIcon57x57@2x.png */ = {isa = PBXFileReference; lastKnownFileType = image.png; path = "AppIcon57x57@2x.png"; sourceTree = "<group>"; };
		B5FAA6F217C483CE0024B47C /* AppIcon50x50.png */ = {isa = PBXFileReference; lastKnownFileType = image.png; path = AppIcon50x50.png; sourceTree = "<group>"; };
		B5FAA6F317C483CE0024B47C /* AppIcon80x80.png */ = {isa = PBXFileReference; lastKnownFileType = image.png; path = AppIcon80x80.png; sourceTree = "<group>"; };
		B5FAA6F417C483CE0024B47C /* AppIcon100x100.png */ = {isa = PBXFileReference; lastKnownFileType = image.png; path = AppIcon100x100.png; sourceTree = "<group>"; };
		B5FD24661767CE9900B9870D /* Protobowl.app */ = {isa = PBXFileReference; explicitFileType = wrapper.application; includeInIndex = 0; path = Protobowl.app; sourceTree = BUILT_PRODUCTS_DIR; };
		B5FD24691767CE9900B9870D /* UIKit.framework */ = {isa = PBXFileReference; lastKnownFileType = wrapper.framework; name = UIKit.framework; path = System/Library/Frameworks/UIKit.framework; sourceTree = SDKROOT; };
		B5FD246B1767CE9900B9870D /* Foundation.framework */ = {isa = PBXFileReference; lastKnownFileType = wrapper.framework; name = Foundation.framework; path = System/Library/Frameworks/Foundation.framework; sourceTree = SDKROOT; };
		B5FD246D1767CE9900B9870D /* CoreGraphics.framework */ = {isa = PBXFileReference; lastKnownFileType = wrapper.framework; name = CoreGraphics.framework; path = System/Library/Frameworks/CoreGraphics.framework; sourceTree = SDKROOT; };
		B5FD24711767CE9900B9870D /* Protobowl-Info.plist */ = {isa = PBXFileReference; lastKnownFileType = text.plist.xml; path = "Protobowl-Info.plist"; sourceTree = "<group>"; };
		B5FD24731767CE9900B9870D /* en */ = {isa = PBXFileReference; lastKnownFileType = text.plist.strings; name = en; path = en.lproj/InfoPlist.strings; sourceTree = "<group>"; };
		B5FD24751767CE9900B9870D /* main.m */ = {isa = PBXFileReference; lastKnownFileType = sourcecode.c.objc; path = main.m; sourceTree = "<group>"; };
		B5FD24771767CE9900B9870D /* Protobowl-Prefix.pch */ = {isa = PBXFileReference; lastKnownFileType = sourcecode.c.h; path = "Protobowl-Prefix.pch"; sourceTree = "<group>"; };
		B5FD24781767CE9900B9870D /* AppDelegate.h */ = {isa = PBXFileReference; lastKnownFileType = sourcecode.c.h; path = AppDelegate.h; sourceTree = "<group>"; };
		B5FD24791767CE9900B9870D /* AppDelegate.m */ = {isa = PBXFileReference; lastKnownFileType = sourcecode.c.objc; path = AppDelegate.m; sourceTree = "<group>"; };
		B5FD247B1767CE9900B9870D /* Default.png */ = {isa = PBXFileReference; lastKnownFileType = image.png; path = Default.png; sourceTree = "<group>"; };
		B5FD247D1767CE9900B9870D /* Default@2x.png */ = {isa = PBXFileReference; lastKnownFileType = image.png; path = "Default@2x.png"; sourceTree = "<group>"; };
		B5FD247F1767CE9900B9870D /* Default-568h@2x.png */ = {isa = PBXFileReference; lastKnownFileType = image.png; path = "Default-568h@2x.png"; sourceTree = "<group>"; };
		B5FD24821767CE9900B9870D /* en */ = {isa = PBXFileReference; lastKnownFileType = file.storyboard; name = en; path = en.lproj/MainStoryboard_iPhone.storyboard; sourceTree = "<group>"; };
		B5FD24851767CE9900B9870D /* en */ = {isa = PBXFileReference; lastKnownFileType = file.storyboard; name = en; path = en.lproj/MainStoryboard_iPad.storyboard; sourceTree = "<group>"; };
		B5FD248F1767CE9900B9870D /* ProtobowlTests.octest */ = {isa = PBXFileReference; explicitFileType = wrapper.cfbundle; includeInIndex = 0; path = ProtobowlTests.octest; sourceTree = BUILT_PRODUCTS_DIR; };
		B5FD24901767CE9900B9870D /* SenTestingKit.framework */ = {isa = PBXFileReference; lastKnownFileType = wrapper.framework; name = SenTestingKit.framework; path = Library/Frameworks/SenTestingKit.framework; sourceTree = DEVELOPER_DIR; };
		B5FD24981767CE9900B9870D /* ProtobowlTests-Info.plist */ = {isa = PBXFileReference; lastKnownFileType = text.plist.xml; path = "ProtobowlTests-Info.plist"; sourceTree = "<group>"; };
		B5FD249A1767CE9900B9870D /* en */ = {isa = PBXFileReference; lastKnownFileType = text.plist.strings; name = en; path = en.lproj/InfoPlist.strings; sourceTree = "<group>"; };
		B5FD249C1767CE9900B9870D /* ProtobowlTests.h */ = {isa = PBXFileReference; lastKnownFileType = sourcecode.c.h; path = ProtobowlTests.h; sourceTree = "<group>"; };
		B5FD249D1767CE9900B9870D /* ProtobowlTests.m */ = {isa = PBXFileReference; lastKnownFileType = sourcecode.c.objc; path = ProtobowlTests.m; sourceTree = "<group>"; };
		B5FD24BD1767CF2800B9870D /* SocketIO.h */ = {isa = PBXFileReference; fileEncoding = 4; lastKnownFileType = sourcecode.c.h; path = SocketIO.h; sourceTree = "<group>"; };
		B5FD24BE1767CF2800B9870D /* SocketIO.m */ = {isa = PBXFileReference; fileEncoding = 4; lastKnownFileType = sourcecode.c.objc; path = SocketIO.m; sourceTree = "<group>"; };
		B5FD24BF1767CF2800B9870D /* SocketIOJSONSerialization.h */ = {isa = PBXFileReference; fileEncoding = 4; lastKnownFileType = sourcecode.c.h; path = SocketIOJSONSerialization.h; sourceTree = "<group>"; };
		B5FD24C01767CF2800B9870D /* SocketIOJSONSerialization.m */ = {isa = PBXFileReference; fileEncoding = 4; lastKnownFileType = sourcecode.c.objc; path = SocketIOJSONSerialization.m; sourceTree = "<group>"; };
		B5FD24C11767CF2800B9870D /* SocketIOPacket.h */ = {isa = PBXFileReference; fileEncoding = 4; lastKnownFileType = sourcecode.c.h; path = SocketIOPacket.h; sourceTree = "<group>"; };
		B5FD24C21767CF2800B9870D /* SocketIOPacket.m */ = {isa = PBXFileReference; fileEncoding = 4; lastKnownFileType = sourcecode.c.objc; path = SocketIOPacket.m; sourceTree = "<group>"; };
		B5FD24C31767CF2800B9870D /* SocketIOTransport.h */ = {isa = PBXFileReference; fileEncoding = 4; lastKnownFileType = sourcecode.c.h; path = SocketIOTransport.h; sourceTree = "<group>"; };
		B5FD24C41767CF2800B9870D /* SocketIOTransportWebsocket.h */ = {isa = PBXFileReference; fileEncoding = 4; lastKnownFileType = sourcecode.c.h; path = SocketIOTransportWebsocket.h; sourceTree = "<group>"; };
		B5FD24C51767CF2800B9870D /* SocketIOTransportWebsocket.m */ = {isa = PBXFileReference; fileEncoding = 4; lastKnownFileType = sourcecode.c.objc; path = SocketIOTransportWebsocket.m; sourceTree = "<group>"; };
		B5FD24C61767CF2800B9870D /* SocketIOTransportXHR.h */ = {isa = PBXFileReference; fileEncoding = 4; lastKnownFileType = sourcecode.c.h; path = SocketIOTransportXHR.h; sourceTree = "<group>"; };
		B5FD24C71767CF2800B9870D /* SocketIOTransportXHR.m */ = {isa = PBXFileReference; fileEncoding = 4; lastKnownFileType = sourcecode.c.objc; path = SocketIOTransportXHR.m; sourceTree = "<group>"; };
		B5FD24D31767CF3D00B9870D /* base64.c */ = {isa = PBXFileReference; fileEncoding = 4; lastKnownFileType = sourcecode.c.c; path = base64.c; sourceTree = "<group>"; };
		B5FD24D41767CF3D00B9870D /* base64.h */ = {isa = PBXFileReference; fileEncoding = 4; lastKnownFileType = sourcecode.c.h; path = base64.h; sourceTree = "<group>"; };
		B5FD24D51767CF3D00B9870D /* NSData+SRB64Additions.h */ = {isa = PBXFileReference; fileEncoding = 4; lastKnownFileType = sourcecode.c.h; path = "NSData+SRB64Additions.h"; sourceTree = "<group>"; };
		B5FD24D61767CF3D00B9870D /* NSData+SRB64Additions.m */ = {isa = PBXFileReference; fileEncoding = 4; lastKnownFileType = sourcecode.c.objc; path = "NSData+SRB64Additions.m"; sourceTree = "<group>"; };
		B5FD24D71767CF3D00B9870D /* SocketRocket-Prefix.pch */ = {isa = PBXFileReference; fileEncoding = 4; lastKnownFileType = sourcecode.c.h; path = "SocketRocket-Prefix.pch"; sourceTree = "<group>"; };
		B5FD24D81767CF3D00B9870D /* SRWebSocket.h */ = {isa = PBXFileReference; fileEncoding = 4; lastKnownFileType = sourcecode.c.h; path = SRWebSocket.h; sourceTree = "<group>"; };
		B5FD24D91767CF3D00B9870D /* SRWebSocket.m */ = {isa = PBXFileReference; fileEncoding = 4; lastKnownFileType = sourcecode.c.objc; path = SRWebSocket.m; sourceTree = "<group>"; };
		B5FD24E21767CF7200B9870D /* MainViewController.h */ = {isa = PBXFileReference; fileEncoding = 4; lastKnownFileType = sourcecode.c.h; path = MainViewController.h; sourceTree = "<group>"; };
		B5FD24E31767CF7200B9870D /* MainViewController.m */ = {isa = PBXFileReference; fileEncoding = 4; lastKnownFileType = sourcecode.c.objc; lineEnding = 0; path = MainViewController.m; sourceTree = "<group>"; xcLanguageSpecificationIdentifier = xcode.lang.objc; };
		B5FD24EA1767CF9300B9870D /* CFNetwork.framework */ = {isa = PBXFileReference; lastKnownFileType = wrapper.framework; name = CFNetwork.framework; path = System/Library/Frameworks/CFNetwork.framework; sourceTree = SDKROOT; };
		B5FD24EC1767CF9700B9870D /* Security.framework */ = {isa = PBXFileReference; lastKnownFileType = wrapper.framework; name = Security.framework; path = System/Library/Frameworks/Security.framework; sourceTree = SDKROOT; };
		B5FD24EE1767CFA000B9870D /* libicucore.dylib */ = {isa = PBXFileReference; lastKnownFileType = "compiled.mach-o.dylib"; name = libicucore.dylib; path = usr/lib/libicucore.dylib; sourceTree = SDKROOT; };
/* End PBXFileReference section */

/* Begin PBXFrameworksBuildPhase section */
		B5FD24631767CE9900B9870D /* Frameworks */ = {
			isa = PBXFrameworksBuildPhase;
			buildActionMask = 2147483647;
			files = (
				360EA48917B42F7400759EFF /* AudioToolbox.framework in Frameworks */,
				B562AE2D177415770063D104 /* QuartzCore.framework in Frameworks */,
				B5929581176BDD7E008E0EB3 /* CFNetwork.framework in Frameworks */,
				B5FD24EF1767CFA000B9870D /* libicucore.dylib in Frameworks */,
				B5FD24ED1767CF9700B9870D /* Security.framework in Frameworks */,
				B5FD246A1767CE9900B9870D /* UIKit.framework in Frameworks */,
				B5FD246C1767CE9900B9870D /* Foundation.framework in Frameworks */,
				B5FD246E1767CE9900B9870D /* CoreGraphics.framework in Frameworks */,
			);
			runOnlyForDeploymentPostprocessing = 0;
		};
		B5FD248B1767CE9900B9870D /* Frameworks */ = {
			isa = PBXFrameworksBuildPhase;
			buildActionMask = 2147483647;
			files = (
				B510D039177B98FD008364F0 /* Security.framework in Frameworks */,
				B510D038177B98F0008364F0 /* CFNetwork.framework in Frameworks */,
				B510D037177B98EB008364F0 /* libicucore.dylib in Frameworks */,
				B5FD24911767CE9900B9870D /* SenTestingKit.framework in Frameworks */,
				B5FD24921767CE9900B9870D /* UIKit.framework in Frameworks */,
				B5FD24931767CE9900B9870D /* Foundation.framework in Frameworks */,
			);
			runOnlyForDeploymentPostprocessing = 0;
		};
/* End PBXFrameworksBuildPhase section */

/* Begin PBXGroup section */
		B57B6DA3179B8F8F005107F6 /* Custom Views */ = {
			isa = PBXGroup;
			children = (
				364D5952178F8729000B5F7A /* PulloutView.h */,
				364D5953178F8729000B5F7A /* PulloutView.m */,
				B5C046D9176F9E2F00A8EC89 /* iOS7ProgressView.h */,
				B5C046DA176F9E2F00A8EC89 /* iOS7ProgressView.m */,
				B5D6A6DC179CB10B009EB18B /* LeaderboardCell.h */,
				B5D6A6DD179CB10B009EB18B /* LeaderboardCell.m */,
				B5AD88F117A2270300AAC11C /* LeaderboardDetailCell.h */,
				B5AD88F217A2270300AAC11C /* LeaderboardDetailCell.m */,
				B5C004C3179F0E4700284199 /* CapsuleLabel.h */,
				B5C004C4179F0E4700284199 /* CapsuleLabel.m */,
				B5E019E217A76CE900B76F46 /* SideMenuExpandedCell.h */,
				B5E019E317A76CE900B76F46 /* SideMenuExpandedCell.m */,
				B577625417A8C80C00F5CED5 /* SwitchCell.h */,
				B577625517A8C80C00F5CED5 /* SwitchCell.m */,
				B5A093EC17A8DAAB0040DBDC /* RadioCell.h */,
				B5A093ED17A8DAAB0040DBDC /* RadioCell.m */,
				B5A093EF17A8DB7B0040DBDC /* ActionCell.h */,
				B5A093F017A8DB7B0040DBDC /* ActionCell.m */,
				B5D145A117ADDF79004706D2 /* BuzzLogCell.h */,
				B5D145A217ADDF79004706D2 /* BuzzLogCell.m */,
			);
			name = "Custom Views";
			sourceTree = "<group>";
		};
		B57B6DA4179B8FDE005107F6 /* Protobowl Connection Logic */ = {
			isa = PBXGroup;
			children = (
				B569AF9A176A740B00487C4F /* ProtobowlConnectionManager.h */,
				B569AF9B176A740B00487C4F /* ProtobowlConnectionManager.m */,
				B50652FC176A886300DA299D /* ProtobowlQuestion.h */,
				B50652FD176A886300DA299D /* ProtobowlQuestion.m */,
				B5D6A6DF179CB331009EB18B /* ProtobowlUser.h */,
				B5D6A6E0179CB331009EB18B /* ProtobowlUser.m */,
				B5D6A6E2179CBDB8009EB18B /* ProtobowlScoring.h */,
				B5D6A6E3179CBDB8009EB18B /* ProtobowlScoring.m */,
			);
			name = "Protobowl Connection Logic";
			sourceTree = "<group>";
		};
		B5D1458717ADDE20004706D2 /* Images */ = {
			isa = PBXGroup;
			children = (
				B540CD6317C8609D004B6621 /* chat_enabled.png */,
				B540CD6417C8609D004B6621 /* chat_enabled@2x.png */,
				B540CD6517C8609D004B6621 /* chat_pressed.png */,
				B540CD6617C8609D004B6621 /* chat_pressed@2x.png */,
				B5D1458A17ADDE85004706D2 /* Tags */,
				B5D1458917ADDE5D004706D2 /* Buttons */,
				B506B79517AB91F7009CD717 /* down_arrow.png */,
			);
			name = Images;
			sourceTree = "<group>";
		};
		B5D1458817ADDE36004706D2 /* Categories and Helper Classes */ = {
			isa = PBXGroup;
			children = (
				B5AFB3E6178D351100AD8447 /* UIView+Donald.h */,
				B5AFB3E7178D351100AD8447 /* UIView+Donald.m */,
				B50BFB93176D548C0052700D /* FAImageView.h */,
				B50BFB94176D548C0052700D /* FAImageView.m */,
				B50BFB95176D548C0052700D /* NSString+FontAwesome.h */,
				B50BFB96176D548C0052700D /* NSString+FontAwesome.m */,
				B50BFB97176D548C0052700D /* UIFont+FontAwesome.h */,
				B50BFB98176D548C0052700D /* UIFont+FontAwesome.m */,
				B5C004BF179F088F00284199 /* UIColor+MoreConstructors.h */,
				B5C004C0179F088F00284199 /* UIColor+MoreConstructors.m */,
				B5E9CF1117A4D4C000B67AEE /* NSDate+FuzzyTime.h */,
				B5E9CF1217A4D4C000B67AEE /* NSDate+FuzzyTime.m */,
				B5E9CF1417A4D64600B67AEE /* NSDate-Utilities.h */,
				B5E9CF1517A4D64600B67AEE /* NSDate-Utilities.m */,
				B5A093F217A8E4E50040DBDC /* NSDictionary+MutableDeepCopy.h */,
				B5A093F317A8E4E50040DBDC /* NSDictionary+MutableDeepCopy.m */,
				B5A093F517A8E5110040DBDC /* NSArray+MutableDeepCopy.h */,
				B5A093F617A8E5110040DBDC /* NSArray+MutableDeepCopy.m */,
				B59E919E17AA1ED8003CE35C /* UIViewController+FormSheet.h */,
				B59E919F17AA1ED8003CE35C /* UIViewController+FormSheet.m */,
				B5D145A717AE2120004706D2 /* DPLabel.h */,
				B5D145A817AE2120004706D2 /* DPLabel.m */,
			);
			name = "Categories and Helper Classes";
			sourceTree = "<group>";
		};
		B5D1458917ADDE5D004706D2 /* Buttons */ = {
			isa = PBXGroup;
			children = (
				B511B3B217C723EA008A7160 /* share_button.png */,
				B511B3B317C723EA008A7160 /* share_button@2x.png */,
				B5811ACD176EBC9E00D1369E /* buzz_disabled.png */,
				B5811ACE176EBC9E00D1369E /* buzz_disabled@2x.png */,
				B5811ACF176EBC9E00D1369E /* buzz_enabled.png */,
				B5811AD0176EBC9E00D1369E /* buzz_enabled@2x.png */,
				B5811AD1176EBC9E00D1369E /* buzz_pressed.png */,
				B5811AD2176EBC9E00D1369E /* buzz_pressed@2x.png */,
			);
			name = Buttons;
			sourceTree = "<group>";
		};
		B5D1458A17ADDE85004706D2 /* Tags */ = {
			isa = PBXGroup;
			children = (
				B5D1458B17ADDE92004706D2 /* buzz_interrupt_tag.png */,
				B5D1458C17ADDE92004706D2 /* buzz_interrupt_tag@2x.png */,
				B5D1458D17ADDE92004706D2 /* buzz_tag.png */,
				B5D1458E17ADDE92004706D2 /* buzz_tag@2x.png */,
				B5D1458F17ADDE92004706D2 /* correct_tag.png */,
				B5D1459017ADDE92004706D2 /* correct_tag@2x.png */,
				B5D1459117ADDE92004706D2 /* prompt_tag.png */,
				B5D1459217ADDE92004706D2 /* prompt_tag@2x.png */,
				B5D1459317ADDE92004706D2 /* wrong_tag.png */,
				B5D1459417ADDE92004706D2 /* wrong_tag@2x.png */,
			);
			name = Tags;
			sourceTree = "<group>";
		};
		B5D145A017ADDF3D004706D2 /* Settings */ = {
			isa = PBXGroup;
			children = (
				B577625117A8B97D00F5CED5 /* SettingsViewController.h */,
				B577625217A8B97D00F5CED5 /* SettingsViewController.m */,
				B54BD44817AA2C980077F1DA /* RadioGroupViewController.h */,
				B54BD44917AA2C980077F1DA /* RadioGroupViewController.m */,
				B577625717A8CA8D00F5CED5 /* Settings.plist */,
			);
			name = Settings;
			sourceTree = "<group>";
		};
		B5FAA6D117C480E40024B47C /* App Icons */ = {
			isa = PBXGroup;
			children = (
				B5FAA6F217C483CE0024B47C /* AppIcon50x50.png */,
				B5FAA6F317C483CE0024B47C /* AppIcon80x80.png */,
				B5FAA6F417C483CE0024B47C /* AppIcon100x100.png */,
				B5FAA6EA17C482D10024B47C /* AppIcon57x57.png */,
				B5FAA6F017C4836D0024B47C /* AppIcon57x57@2x.png */,
				B5FAA6E617C482830024B47C /* AppIcon72x72.png */,
				B5FAA6E717C482830024B47C /* AppIcon72x72@2x.png */,
				B5FAA6D217C480EF0024B47C /* AppIcon29x29.png */,
				B5FAA6D317C480EF0024B47C /* AppIcon29x29@2x.png */,
				B5FAA6D417C480EF0024B47C /* AppIcon40x40.png */,
				B5FAA6D517C480EF0024B47C /* AppIcon40x40@2x.png */,
				B5FAA6D617C480EF0024B47C /* AppIcon60x60.png */,
				B5FAA6D717C480EF0024B47C /* AppIcon60x60@2x.png */,
				B5FAA6D817C480EF0024B47C /* AppIcon76x76.png */,
				B5FAA6D917C480EF0024B47C /* AppIcon76x76@2x.png */,
				B5FAA6DA17C480EF0024B47C /* iTunesArtwork.png */,
				B5FAA6DB17C480EF0024B47C /* iTunesArtwork@2x.png */,
			);
			name = "App Icons";
			sourceTree = "<group>";
		};
		B5FD245D1767CE9900B9870D = {
			isa = PBXGroup;
			children = (
				B5FD246F1767CE9900B9870D /* Protobowl */,
				B5FD24961767CE9900B9870D /* ProtobowlTests */,
				B5FD24681767CE9900B9870D /* Frameworks */,
				B5FD24671767CE9900B9870D /* Products */,
			);
			sourceTree = "<group>";
		};
		B5FD24671767CE9900B9870D /* Products */ = {
			isa = PBXGroup;
			children = (
				B5FD24661767CE9900B9870D /* Protobowl.app */,
				B5FD248F1767CE9900B9870D /* ProtobowlTests.octest */,
			);
			name = Products;
			sourceTree = "<group>";
		};
		B5FD24681767CE9900B9870D /* Frameworks */ = {
			isa = PBXGroup;
			children = (
				360EA48817B42F7400759EFF /* AudioToolbox.framework */,
				B5814E2E17A5A223009639B6 /* AudioToolbox.framework */,
				B592957E176BDCC7008E0EB3 /* Reveal.framework */,
				B5929579176B98F5008E0EB3 /* QuartzCore.framework */,
				B5FD24E11767CF4600B9870D /* SocketRocket */,
				B5FD24D21767CF2D00B9870D /* SocketIO */,
				B5FD24EE1767CFA000B9870D /* libicucore.dylib */,
				B5FD24EC1767CF9700B9870D /* Security.framework */,
				B5FD24EA1767CF9300B9870D /* CFNetwork.framework */,
				B5FD24691767CE9900B9870D /* UIKit.framework */,
				B5FD246B1767CE9900B9870D /* Foundation.framework */,
				B5FD246D1767CE9900B9870D /* CoreGraphics.framework */,
				B5FD24901767CE9900B9870D /* SenTestingKit.framework */,
			);
			name = Frameworks;
			sourceTree = "<group>";
		};
		B5FD246F1767CE9900B9870D /* Protobowl */ = {
			isa = PBXGroup;
			children = (
				B5FD24811767CE9900B9870D /* MainStoryboard_iPhone.storyboard */,
				B5FD24841767CE9900B9870D /* MainStoryboard_iPad.storyboard */,
				B5FD24E21767CF7200B9870D /* MainViewController.h */,
				B5FD24E31767CF7200B9870D /* MainViewController.m */,
				B5F6C034179B46EA0040CB37 /* LeaderboardViewController.h */,
				B5F6C035179B46EA0040CB37 /* LeaderboardViewController.m */,
				B592957B176BC5E8008E0EB3 /* GuessViewController.h */,
				B592957C176BC5E8008E0EB3 /* GuessViewController.m */,
				B5D8232C17C8668E003BEE41 /* ChatViewController.h */,
				B5D8232D17C8668E003BEE41 /* ChatViewController.m */,
				B583DA2017A6415F00D0FEDA /* SideMenuViewController.h */,
				B583DA2117A6415F00D0FEDA /* SideMenuViewController.m */,
				B5D145A417ADE8C9004706D2 /* LinedTableViewController.h */,
				B5D145A517ADE8C9004706D2 /* LinedTableViewController.m */,
				B57B6DA3179B8F8F005107F6 /* Custom Views */,
				B5D145A017ADDF3D004706D2 /* Settings */,
				B57B6DA4179B8FDE005107F6 /* Protobowl Connection Logic */,
				B5FD24701767CE9900B9870D /* Supporting Files */,
			);
			path = Protobowl;
			sourceTree = "<group>";
		};
		B5FD24701767CE9900B9870D /* Supporting Files */ = {
			isa = PBXGroup;
			children = (
				B5FAA6D117C480E40024B47C /* App Icons */,
				B5D1458717ADDE20004706D2 /* Images */,
				B5D1458817ADDE36004706D2 /* Categories and Helper Classes */,
				B5FD24711767CE9900B9870D /* Protobowl-Info.plist */,
				B5814E2C17A5A13E009639B6 /* ding.wav */,
				B50BFB90176D542B0052700D /* FontAwesome.ttf */,
				B5FD24721767CE9900B9870D /* InfoPlist.strings */,
				B5FD24781767CE9900B9870D /* AppDelegate.h */,
				B5FD24791767CE9900B9870D /* AppDelegate.m */,
				B5FD24751767CE9900B9870D /* main.m */,
				B5FD24771767CE9900B9870D /* Protobowl-Prefix.pch */,
				B5FD247B1767CE9900B9870D /* Default.png */,
				B5FD247D1767CE9900B9870D /* Default@2x.png */,
				B5FD247F1767CE9900B9870D /* Default-568h@2x.png */,
			);
			name = "Supporting Files";
			sourceTree = "<group>";
		};
		B5FD24961767CE9900B9870D /* ProtobowlTests */ = {
			isa = PBXGroup;
			children = (
				B5FD249C1767CE9900B9870D /* ProtobowlTests.h */,
				B5FD249D1767CE9900B9870D /* ProtobowlTests.m */,
				B5FD24971767CE9900B9870D /* Supporting Files */,
			);
			path = ProtobowlTests;
			sourceTree = "<group>";
		};
		B5FD24971767CE9900B9870D /* Supporting Files */ = {
			isa = PBXGroup;
			children = (
				B5FD24981767CE9900B9870D /* ProtobowlTests-Info.plist */,
				B5FD24991767CE9900B9870D /* InfoPlist.strings */,
			);
			name = "Supporting Files";
			sourceTree = "<group>";
		};
		B5FD24D21767CF2D00B9870D /* SocketIO */ = {
			isa = PBXGroup;
			children = (
				B5FD24BD1767CF2800B9870D /* SocketIO.h */,
				B5FD24BE1767CF2800B9870D /* SocketIO.m */,
				B5FD24BF1767CF2800B9870D /* SocketIOJSONSerialization.h */,
				B5FD24C01767CF2800B9870D /* SocketIOJSONSerialization.m */,
				B5FD24C11767CF2800B9870D /* SocketIOPacket.h */,
				B5FD24C21767CF2800B9870D /* SocketIOPacket.m */,
				B5FD24C31767CF2800B9870D /* SocketIOTransport.h */,
				B5FD24C41767CF2800B9870D /* SocketIOTransportWebsocket.h */,
				B5FD24C51767CF2800B9870D /* SocketIOTransportWebsocket.m */,
				B5FD24C61767CF2800B9870D /* SocketIOTransportXHR.h */,
				B5FD24C71767CF2800B9870D /* SocketIOTransportXHR.m */,
			);
			name = SocketIO;
			path = Protobowl;
			sourceTree = "<group>";
		};
		B5FD24E11767CF4600B9870D /* SocketRocket */ = {
			isa = PBXGroup;
			children = (
				B5FD24D31767CF3D00B9870D /* base64.c */,
				B5FD24D41767CF3D00B9870D /* base64.h */,
				B5FD24D51767CF3D00B9870D /* NSData+SRB64Additions.h */,
				B5FD24D61767CF3D00B9870D /* NSData+SRB64Additions.m */,
				B5FD24D71767CF3D00B9870D /* SocketRocket-Prefix.pch */,
				B5FD24D81767CF3D00B9870D /* SRWebSocket.h */,
				B5FD24D91767CF3D00B9870D /* SRWebSocket.m */,
			);
			name = SocketRocket;
			path = Protobowl;
			sourceTree = "<group>";
		};
/* End PBXGroup section */

/* Begin PBXNativeTarget section */
		B5FD24651767CE9900B9870D /* Protobowl */ = {
			isa = PBXNativeTarget;
			buildConfigurationList = B5FD24A11767CE9900B9870D /* Build configuration list for PBXNativeTarget "Protobowl" */;
			buildPhases = (
				B5FD24621767CE9900B9870D /* Sources */,
				B5FD24631767CE9900B9870D /* Frameworks */,
				B5FD24641767CE9900B9870D /* Resources */,
			);
			buildRules = (
			);
			dependencies = (
			);
			name = Protobowl;
			productName = Protobowl;
			productReference = B5FD24661767CE9900B9870D /* Protobowl.app */;
			productType = "com.apple.product-type.application";
		};
		B5FD248E1767CE9900B9870D /* ProtobowlTests */ = {
			isa = PBXNativeTarget;
			buildConfigurationList = B5FD24A41767CE9900B9870D /* Build configuration list for PBXNativeTarget "ProtobowlTests" */;
			buildPhases = (
				B5FD248A1767CE9900B9870D /* Sources */,
				B5FD248B1767CE9900B9870D /* Frameworks */,
				B5FD248C1767CE9900B9870D /* Resources */,
				B5FD248D1767CE9900B9870D /* ShellScript */,
			);
			buildRules = (
			);
			dependencies = (
				B5FD24951767CE9900B9870D /* PBXTargetDependency */,
			);
			name = ProtobowlTests;
			productName = ProtobowlTests;
			productReference = B5FD248F1767CE9900B9870D /* ProtobowlTests.octest */;
			productType = "com.apple.product-type.bundle";
		};
/* End PBXNativeTarget section */

/* Begin PBXProject section */
		B5FD245E1767CE9900B9870D /* Project object */ = {
			isa = PBXProject;
			attributes = {
				LastUpgradeCheck = 0460;
				ORGANIZATIONNAME = "Donald Pinckney";
				TargetAttributes = {
					B5FD24651767CE9900B9870D = {
						DevelopmentTeam = 9YAPJKX6TE;
					};
				};
			};
			buildConfigurationList = B5FD24611767CE9900B9870D /* Build configuration list for PBXProject "Protobowl" */;
			compatibilityVersion = "Xcode 3.2";
			developmentRegion = English;
			hasScannedForEncodings = 0;
			knownRegions = (
				en,
			);
			mainGroup = B5FD245D1767CE9900B9870D;
			productRefGroup = B5FD24671767CE9900B9870D /* Products */;
			projectDirPath = "";
			projectRoot = "";
			targets = (
				B5FD24651767CE9900B9870D /* Protobowl */,
				B5FD248E1767CE9900B9870D /* ProtobowlTests */,
			);
		};
/* End PBXProject section */

/* Begin PBXResourcesBuildPhase section */
		B5FD24641767CE9900B9870D /* Resources */ = {
			isa = PBXResourcesBuildPhase;
			buildActionMask = 2147483647;
			files = (
				B5FD24741767CE9900B9870D /* InfoPlist.strings in Resources */,
				B5D1459917ADDE92004706D2 /* correct_tag.png in Resources */,
				B540CD6A17C8609D004B6621 /* chat_pressed@2x.png in Resources */,
				B5FAA6E917C482830024B47C /* AppIcon72x72@2x.png in Resources */,
				B5FD247C1767CE9900B9870D /* Default.png in Resources */,
				B5FAA6E417C480EF0024B47C /* iTunesArtwork.png in Resources */,
				B5FD247E1767CE9900B9870D /* Default@2x.png in Resources */,
				B506B79617AB91F7009CD717 /* down_arrow.png in Resources */,
				B5D1459D17ADDE92004706D2 /* wrong_tag.png in Resources */,
				B5FAA6DF17C480EF0024B47C /* AppIcon40x40@2x.png in Resources */,
				B511B3B417C723EA008A7160 /* share_button.png in Resources */,
				B577625817A8CA8D00F5CED5 /* Settings.plist in Resources */,
				B5FAA6E817C482830024B47C /* AppIcon72x72.png in Resources */,
				B5D1459517ADDE92004706D2 /* buzz_interrupt_tag.png in Resources */,
				B5FD24801767CE9900B9870D /* Default-568h@2x.png in Resources */,
				B5D1459A17ADDE92004706D2 /* correct_tag@2x.png in Resources */,
				B5FD24831767CE9900B9870D /* MainStoryboard_iPhone.storyboard in Resources */,
				B5FD24861767CE9900B9870D /* MainStoryboard_iPad.storyboard in Resources */,
				B5D1459C17ADDE92004706D2 /* prompt_tag@2x.png in Resources */,
				B5FAA6E017C480EF0024B47C /* AppIcon60x60.png in Resources */,
				B50BFB91176D542B0052700D /* FontAwesome.ttf in Resources */,
				B5FAA6EC17C482D10024B47C /* AppIcon57x57.png in Resources */,
				B5D1459B17ADDE92004706D2 /* prompt_tag.png in Resources */,
				B5811AD3176EBC9E00D1369E /* buzz_disabled.png in Resources */,
				B5FAA6F517C483CE0024B47C /* AppIcon50x50.png in Resources */,
				B540CD6917C8609D004B6621 /* chat_pressed.png in Resources */,
				B5814E2D17A5A13E009639B6 /* ding.wav in Resources */,
				B5811AD4176EBC9E00D1369E /* buzz_disabled@2x.png in Resources */,
				B5811AD5176EBC9E00D1369E /* buzz_enabled.png in Resources */,
				B5811AD6176EBC9E00D1369E /* buzz_enabled@2x.png in Resources */,
				B5FAA6F117C4836D0024B47C /* AppIcon57x57@2x.png in Resources */,
				B540CD6817C8609D004B6621 /* chat_enabled@2x.png in Resources */,
				B5FAA6DC17C480EF0024B47C /* AppIcon29x29.png in Resources */,
				B5FAA6DE17C480EF0024B47C /* AppIcon40x40.png in Resources */,
				B540CD6717C8609D004B6621 /* chat_enabled.png in Resources */,
				B5811AD7176EBC9E00D1369E /* buzz_pressed.png in Resources */,
				B5D1459E17ADDE92004706D2 /* wrong_tag@2x.png in Resources */,
				B5D1459717ADDE92004706D2 /* buzz_tag.png in Resources */,
				B5FAA6F717C483CE0024B47C /* AppIcon100x100.png in Resources */,
				B5FAA6E217C480EF0024B47C /* AppIcon76x76.png in Resources */,
				B5FAA6DD17C480EF0024B47C /* AppIcon29x29@2x.png in Resources */,
				B5FAA6F617C483CE0024B47C /* AppIcon80x80.png in Resources */,
				B5D1459617ADDE92004706D2 /* buzz_interrupt_tag@2x.png in Resources */,
				B511B3B517C723EA008A7160 /* share_button@2x.png in Resources */,
				B5FAA6E517C480EF0024B47C /* iTunesArtwork@2x.png in Resources */,
				B5D1459817ADDE92004706D2 /* buzz_tag@2x.png in Resources */,
				B5FAA6E117C480EF0024B47C /* AppIcon60x60@2x.png in Resources */,
				B5FAA6E317C480EF0024B47C /* AppIcon76x76@2x.png in Resources */,
				B5811AD8176EBC9E00D1369E /* buzz_pressed@2x.png in Resources */,
			);
			runOnlyForDeploymentPostprocessing = 0;
		};
		B5FD248C1767CE9900B9870D /* Resources */ = {
			isa = PBXResourcesBuildPhase;
			buildActionMask = 2147483647;
			files = (
				B5FD249B1767CE9900B9870D /* InfoPlist.strings in Resources */,
				B50BFB92176D542B0052700D /* FontAwesome.ttf in Resources */,
			);
			runOnlyForDeploymentPostprocessing = 0;
		};
/* End PBXResourcesBuildPhase section */

/* Begin PBXShellScriptBuildPhase section */
		B5FD248D1767CE9900B9870D /* ShellScript */ = {
			isa = PBXShellScriptBuildPhase;
			buildActionMask = 2147483647;
			files = (
			);
			inputPaths = (
			);
			outputPaths = (
			);
			runOnlyForDeploymentPostprocessing = 0;
			shellPath = /bin/sh;
			shellScript = "# Run the unit tests in this test bundle.\n\"${SYSTEM_DEVELOPER_DIR}/Tools/RunUnitTests\"\n";
		};
/* End PBXShellScriptBuildPhase section */

/* Begin PBXSourcesBuildPhase section */
		B5FD24621767CE9900B9870D /* Sources */ = {
			isa = PBXSourcesBuildPhase;
			buildActionMask = 2147483647;
			files = (
				B5FD24761767CE9900B9870D /* main.m in Sources */,
				B5FD247A1767CE9900B9870D /* AppDelegate.m in Sources */,
				B5AD88F317A2270300AAC11C /* LeaderboardDetailCell.m in Sources */,
				B5D145A317ADDF79004706D2 /* BuzzLogCell.m in Sources */,
				B5FD24C81767CF2800B9870D /* SocketIO.m in Sources */,
				B5FD24CA1767CF2800B9870D /* SocketIOJSONSerialization.m in Sources */,
				B5E9CF1317A4D4C000B67AEE /* NSDate+FuzzyTime.m in Sources */,
				B5FD24CC1767CF2800B9870D /* SocketIOPacket.m in Sources */,
				B5A093EE17A8DAAB0040DBDC /* RadioCell.m in Sources */,
				B54BD44A17AA2C980077F1DA /* RadioGroupViewController.m in Sources */,
				B5D145A917AE2120004706D2 /* DPLabel.m in Sources */,
				B5FD24CE1767CF2800B9870D /* SocketIOTransportWebsocket.m in Sources */,
				B5FD24D01767CF2800B9870D /* SocketIOTransportXHR.m in Sources */,
				B5FD24DA1767CF3D00B9870D /* base64.c in Sources */,
				B5FD24DC1767CF3D00B9870D /* NSData+SRB64Additions.m in Sources */,
				B5C004C1179F088F00284199 /* UIColor+MoreConstructors.m in Sources */,
				B5A093F117A8DB7B0040DBDC /* ActionCell.m in Sources */,
				B5FD24DE1767CF3D00B9870D /* SRWebSocket.m in Sources */,
				B5FD24E61767CF7200B9870D /* MainViewController.m in Sources */,
				B59E91A017AA1ED8003CE35C /* UIViewController+FormSheet.m in Sources */,
				B569AF9C176A740B00487C4F /* ProtobowlConnectionManager.m in Sources */,
				B5A093F417A8E4E50040DBDC /* NSDictionary+MutableDeepCopy.m in Sources */,
				B50652FE176A886300DA299D /* ProtobowlQuestion.m in Sources */,
				B592957D176BC5E8008E0EB3 /* GuessViewController.m in Sources */,
				B50BFB99176D548C0052700D /* FAImageView.m in Sources */,
				B5D8232E17C8668E003BEE41 /* ChatViewController.m in Sources */,
				B5D145A617ADE8C9004706D2 /* LinedTableViewController.m in Sources */,
				B577625617A8C80C00F5CED5 /* SwitchCell.m in Sources */,
				B50BFB9B176D548C0052700D /* NSString+FontAwesome.m in Sources */,
				B5E019E417A76CE900B76F46 /* SideMenuExpandedCell.m in Sources */,
				B50BFB9D176D548C0052700D /* UIFont+FontAwesome.m in Sources */,
				B5C046DB176F9E2F00A8EC89 /* iOS7ProgressView.m in Sources */,
				B5AFB3E8178D351100AD8447 /* UIView+Donald.m in Sources */,
				B5C004C5179F0E4700284199 /* CapsuleLabel.m in Sources */,
				364D5954178F8729000B5F7A /* PulloutView.m in Sources */,
				B5A093F717A8E5110040DBDC /* NSArray+MutableDeepCopy.m in Sources */,
				B5F6C036179B46EA0040CB37 /* LeaderboardViewController.m in Sources */,
				B5D6A6DE179CB10B009EB18B /* LeaderboardCell.m in Sources */,
				B5E9CF1617A4D64600B67AEE /* NSDate-Utilities.m in Sources */,
				B583DA2217A6415F00D0FEDA /* SideMenuViewController.m in Sources */,
				B577625317A8B97D00F5CED5 /* SettingsViewController.m in Sources */,
				B5D6A6E1179CB331009EB18B /* ProtobowlUser.m in Sources */,
				B5D6A6E4179CBDB8009EB18B /* ProtobowlScoring.m in Sources */,
			);
			runOnlyForDeploymentPostprocessing = 0;
		};
		B5FD248A1767CE9900B9870D /* Sources */ = {
			isa = PBXSourcesBuildPhase;
			buildActionMask = 2147483647;
			files = (
				B5FD249E1767CE9900B9870D /* ProtobowlTests.m in Sources */,
				B5FD24C91767CF2800B9870D /* SocketIO.m in Sources */,
				B5FD24CB1767CF2800B9870D /* SocketIOJSONSerialization.m in Sources */,
				B5FD24CD1767CF2800B9870D /* SocketIOPacket.m in Sources */,
				B5FD24CF1767CF2800B9870D /* SocketIOTransportWebsocket.m in Sources */,
				B5FD24D11767CF2800B9870D /* SocketIOTransportXHR.m in Sources */,
				B5FD24DB1767CF3D00B9870D /* base64.c in Sources */,
				B5FD24DD1767CF3D00B9870D /* NSData+SRB64Additions.m in Sources */,
				B5FD24DF1767CF3D00B9870D /* SRWebSocket.m in Sources */,
				B5FD24E71767CF7200B9870D /* MainViewController.m in Sources */,
				B50BFB9A176D548C0052700D /* FAImageView.m in Sources */,
				B50BFB9C176D548C0052700D /* NSString+FontAwesome.m in Sources */,
				B50BFB9E176D548C0052700D /* UIFont+FontAwesome.m in Sources */,
			);
			runOnlyForDeploymentPostprocessing = 0;
		};
/* End PBXSourcesBuildPhase section */

/* Begin PBXTargetDependency section */
		B5FD24951767CE9900B9870D /* PBXTargetDependency */ = {
			isa = PBXTargetDependency;
			target = B5FD24651767CE9900B9870D /* Protobowl */;
			targetProxy = B5FD24941767CE9900B9870D /* PBXContainerItemProxy */;
		};
/* End PBXTargetDependency section */

/* Begin PBXVariantGroup section */
		B5FD24721767CE9900B9870D /* InfoPlist.strings */ = {
			isa = PBXVariantGroup;
			children = (
				B5FD24731767CE9900B9870D /* en */,
			);
			name = InfoPlist.strings;
			sourceTree = "<group>";
		};
		B5FD24811767CE9900B9870D /* MainStoryboard_iPhone.storyboard */ = {
			isa = PBXVariantGroup;
			children = (
				B5FD24821767CE9900B9870D /* en */,
			);
			name = MainStoryboard_iPhone.storyboard;
			sourceTree = "<group>";
		};
		B5FD24841767CE9900B9870D /* MainStoryboard_iPad.storyboard */ = {
			isa = PBXVariantGroup;
			children = (
				B5FD24851767CE9900B9870D /* en */,
			);
			name = MainStoryboard_iPad.storyboard;
			sourceTree = "<group>";
		};
		B5FD24991767CE9900B9870D /* InfoPlist.strings */ = {
			isa = PBXVariantGroup;
			children = (
				B5FD249A1767CE9900B9870D /* en */,
			);
			name = InfoPlist.strings;
			sourceTree = "<group>";
		};
/* End PBXVariantGroup section */

/* Begin XCBuildConfiguration section */
		B5FD249F1767CE9900B9870D /* Debug */ = {
			isa = XCBuildConfiguration;
			buildSettings = {
				ALWAYS_SEARCH_USER_PATHS = NO;
				CLANG_CXX_LANGUAGE_STANDARD = "gnu++0x";
				CLANG_CXX_LIBRARY = "libc++";
				CLANG_ENABLE_OBJC_ARC = YES;
				CLANG_WARN_CONSTANT_CONVERSION = YES;
				CLANG_WARN_EMPTY_BODY = YES;
				CLANG_WARN_ENUM_CONVERSION = YES;
				CLANG_WARN_INT_CONVERSION = YES;
				CLANG_WARN__DUPLICATE_METHOD_MATCH = YES;
				CODE_SIGN_IDENTITY = "";
				"CODE_SIGN_IDENTITY[sdk=iphoneos*]" = "iPhone Developer: Donald Pinckney (X8ZD6953GU)";
				COPY_PHASE_STRIP = NO;
				GCC_C_LANGUAGE_STANDARD = gnu99;
				GCC_DYNAMIC_NO_PIC = NO;
				GCC_OPTIMIZATION_LEVEL = 0;
				GCC_PREPROCESSOR_DEFINITIONS = (
					"DEBUG=1",
					"$(inherited)",
				);
				GCC_SYMBOLS_PRIVATE_EXTERN = NO;
				GCC_WARN_ABOUT_RETURN_TYPE = YES;
				GCC_WARN_UNINITIALIZED_AUTOS = YES;
				GCC_WARN_UNUSED_VARIABLE = YES;
				IPHONEOS_DEPLOYMENT_TARGET = 6.1;
				ONLY_ACTIVE_ARCH = YES;
				PROVISIONING_PROFILE = "BE536D02-3185-44C8-9C5D-E3990B76882C";
				SDKROOT = iphoneos;
				TARGETED_DEVICE_FAMILY = "1,2";
			};
			name = Debug;
		};
		B5FD24A01767CE9900B9870D /* Release */ = {
			isa = XCBuildConfiguration;
			buildSettings = {
				ALWAYS_SEARCH_USER_PATHS = NO;
				CLANG_CXX_LANGUAGE_STANDARD = "gnu++0x";
				CLANG_CXX_LIBRARY = "libc++";
				CLANG_ENABLE_OBJC_ARC = YES;
				CLANG_WARN_CONSTANT_CONVERSION = YES;
				CLANG_WARN_EMPTY_BODY = YES;
				CLANG_WARN_ENUM_CONVERSION = YES;
				CLANG_WARN_INT_CONVERSION = YES;
				CLANG_WARN__DUPLICATE_METHOD_MATCH = YES;
				"CODE_SIGN_IDENTITY[sdk=iphoneos*]" = "iPhone Developer";
				COPY_PHASE_STRIP = YES;
				GCC_C_LANGUAGE_STANDARD = gnu99;
				GCC_WARN_ABOUT_RETURN_TYPE = YES;
				GCC_WARN_UNINITIALIZED_AUTOS = YES;
				GCC_WARN_UNUSED_VARIABLE = YES;
				IPHONEOS_DEPLOYMENT_TARGET = 6.1;
				OTHER_CFLAGS = "-DNS_BLOCK_ASSERTIONS=1";
				PROVISIONING_PROFILE = "BE536D02-3185-44C8-9C5D-E3990B76882C";
				SDKROOT = iphoneos;
				TARGETED_DEVICE_FAMILY = "1,2";
				VALIDATE_PRODUCT = YES;
			};
			name = Release;
		};
		B5FD24A21767CE9900B9870D /* Debug */ = {
			isa = XCBuildConfiguration;
			buildSettings = {
				CODE_SIGN_IDENTITY = "iPhone Developer";
				"CODE_SIGN_IDENTITY[sdk=iphoneos*]" = "iPhone Developer";
				FRAMEWORK_SEARCH_PATHS = (
					"$(inherited)",
					"\"$(SRCROOT)\"",
					"\"$(SYSTEM_APPS_DIR)/Reveal.app/Contents/SharedSupport/iOS-Libraries\"",
				);
				GCC_OPTIMIZATION_LEVEL = 0;
				GCC_PRECOMPILE_PREFIX_HEADER = YES;
				GCC_PREFIX_HEADER = "Protobowl/Protobowl-Prefix.pch";
				HEADER_SEARCH_PATHS = "";
				INFOPLIST_FILE = "Protobowl/Protobowl-Info.plist";
				IPHONEOS_DEPLOYMENT_TARGET = 6.1;
				LLVM_VECTORIZE_LOOPS = YES;
				OTHER_LDFLAGS = "-ObjC";
				PRODUCT_NAME = "$(TARGET_NAME)";
				PROVISIONING_PROFILE = "";
				SDKROOT = iphoneos6.1;
				WRAPPER_EXTENSION = app;
			};
			name = Debug;
		};
		B5FD24A31767CE9900B9870D /* Release */ = {
			isa = XCBuildConfiguration;
			buildSettings = {
				CODE_SIGN_IDENTITY = "iPhone Developer";
				"CODE_SIGN_IDENTITY[sdk=iphoneos*]" = "iPhone Developer";
				FRAMEWORK_SEARCH_PATHS = (
					"$(inherited)",
					"\"$(SRCROOT)\"",
					"\"$(SYSTEM_APPS_DIR)/Reveal.app/Contents/SharedSupport/iOS-Libraries\"",
				);
				GCC_PRECOMPILE_PREFIX_HEADER = YES;
				GCC_PREFIX_HEADER = "Protobowl/Protobowl-Prefix.pch";
				HEADER_SEARCH_PATHS = "";
				INFOPLIST_FILE = "Protobowl/Protobowl-Info.plist";
				IPHONEOS_DEPLOYMENT_TARGET = 6.1;
				LLVM_VECTORIZE_LOOPS = YES;
				OTHER_LDFLAGS = "-ObjC";
				PRODUCT_NAME = "$(TARGET_NAME)";
				PROVISIONING_PROFILE = "";
				SDKROOT = iphoneos6.1;
				WRAPPER_EXTENSION = app;
			};
			name = Release;
		};
		B5FD24A51767CE9900B9870D /* Debug */ = {
			isa = XCBuildConfiguration;
			buildSettings = {
				BUNDLE_LOADER = "$(BUILT_PRODUCTS_DIR)/Protobowl.app/Protobowl";
				FRAMEWORK_SEARCH_PATHS = (
					"\"$(SDKROOT)/Developer/Library/Frameworks\"",
					"\"$(DEVELOPER_LIBRARY_DIR)/Frameworks\"",
				);
				GCC_PRECOMPILE_PREFIX_HEADER = YES;
				GCC_PREFIX_HEADER = "Protobowl/Protobowl-Prefix.pch";
				INFOPLIST_FILE = "ProtobowlTests/ProtobowlTests-Info.plist";
				PRODUCT_NAME = "$(TARGET_NAME)";
				TEST_HOST = "$(BUNDLE_LOADER)";
				WRAPPER_EXTENSION = octest;
			};
			name = Debug;
		};
		B5FD24A61767CE9900B9870D /* Release */ = {
			isa = XCBuildConfiguration;
			buildSettings = {
				BUNDLE_LOADER = "$(BUILT_PRODUCTS_DIR)/Protobowl.app/Protobowl";
				FRAMEWORK_SEARCH_PATHS = (
					"\"$(SDKROOT)/Developer/Library/Frameworks\"",
					"\"$(DEVELOPER_LIBRARY_DIR)/Frameworks\"",
				);
				GCC_PRECOMPILE_PREFIX_HEADER = YES;
				GCC_PREFIX_HEADER = "Protobowl/Protobowl-Prefix.pch";
				INFOPLIST_FILE = "ProtobowlTests/ProtobowlTests-Info.plist";
				PRODUCT_NAME = "$(TARGET_NAME)";
				TEST_HOST = "$(BUNDLE_LOADER)";
				WRAPPER_EXTENSION = octest;
			};
			name = Release;
		};
/* End XCBuildConfiguration section */

/* Begin XCConfigurationList section */
		B5FD24611767CE9900B9870D /* Build configuration list for PBXProject "Protobowl" */ = {
			isa = XCConfigurationList;
			buildConfigurations = (
				B5FD249F1767CE9900B9870D /* Debug */,
				B5FD24A01767CE9900B9870D /* Release */,
			);
			defaultConfigurationIsVisible = 0;
			defaultConfigurationName = Release;
		};
		B5FD24A11767CE9900B9870D /* Build configuration list for PBXNativeTarget "Protobowl" */ = {
			isa = XCConfigurationList;
			buildConfigurations = (
				B5FD24A21767CE9900B9870D /* Debug */,
				B5FD24A31767CE9900B9870D /* Release */,
			);
			defaultConfigurationIsVisible = 0;
			defaultConfigurationName = Release;
		};
		B5FD24A41767CE9900B9870D /* Build configuration list for PBXNativeTarget "ProtobowlTests" */ = {
			isa = XCConfigurationList;
			buildConfigurations = (
				B5FD24A51767CE9900B9870D /* Debug */,
				B5FD24A61767CE9900B9870D /* Release */,
			);
			defaultConfigurationIsVisible = 0;
			defaultConfigurationName = Release;
		};
/* End XCConfigurationList section */
	};
	rootObject = B5FD245E1767CE9900B9870D /* Project object */;
}
